PODS:
  - CocoaLumberjack (3.6.0):
    - CocoaLumberjack/Core (= 3.6.0)
  - CocoaLumberjack/Core (3.6.0)
  - Expecta (1.0.6)
  - MCFoundation (0.2.2)
  - MCJSONKit (0.5.1):
    - MCFoundation (~> 0.2)
  - MCLogger (0.6.1):
    - CocoaLumberjack (~> 3.0)
    - MJExtension (~> 3.0)
    - SAMKeychain (~> 1.5)
    - SocketRocket (~> 0.5)
  - MCUIKit (0.3.0):
    - MCUIKit/UIKit (= 0.3.0)
  - MCUIKit/Category (0.3.0)
  - MCUIKit/Gesonry (0.3.0)
  - MCUIKit/UIKit (0.3.0):
    - MCUIKit/Category
    - MCUIKit/Gesonry
  - MJExtension (3.2.1)
  - SAMKeychain (1.5.3)
  - SocketRocket (0.5.1)
  - Specta (1.0.7)

DEPENDENCIES:
  - Expecta
  - MCJSONKit (from `../`)
  - MCLogger
  - MCUIKit
  - MJExtension
  - Specta

EXTERNAL SOURCES:
  MCJSONKit:
    :path: ../

SPEC CHECKSUMS:
  CocoaLumberjack: 78b0c238666f4f58db069738ec176f4519557516
  Expecta: 3b6bd90a64b9a1dcb0b70aa0e10a7f8f631667d5
  MCFoundation: 1c05141cbc900ec15618d7d4c75fb88719d7b658
  MCJSONKit: 17415c23d77292feaec963e0bf835cc8565c225f
  MCLogger: baac17a212e7026585e2f1528d6de3fe548474c0
  MCUIKit: 4d9fb8d30b0cf44bf99605ecd248a3092d6f4e13
  MJExtension: 635f2c663dcb1bf76fa4b715b2570a5710aec545
  SAMKeychain: 483e1c9f32984d50ca961e26818a534283b4cd5c
  SocketRocket: d57c7159b83c3c6655745cd15302aa24b6bae531
  Specta: 3e1bd89c3517421982dc4d1c992503e48bd5fe66

PODFILE CHECKSUM: 061ae2c775676cfc400a9661fe66c73332f93b76

COCOAPODS: 1.4.0
