PODS:
  - CocoaLumberjack (3.3.0):
    - CocoaLumberjack/Default (= 3.3.0)
    - CocoaLumberjack/Extensions (= 3.3.0)
  - CocoaLumberjack/Default (3.3.0)
  - CocoaLumberjack/Extensions (3.3.0):
    - CocoaLumberjack/Default
  - Expecta (1.0.6)
  - MCFoundation (0.1.3)
  - MCJSONKit (0.5.0):
    - MCFoundation (~> 0.1.0)
  - MCLogger (0.2.5):
    - CocoaLumberjack (~> 3.3.0)
    - MCFoundation (~> 0.1.1)
  - MCUIKit (0.3.0):
    - MCUIKit/UIKit (= 0.3.0)
  - MCUIKit/Category (0.3.0)
  - MCUIKit/Gesonry (0.3.0)
  - MCUIKit/UIKit (0.3.0):
    - MCUIKit/Category
    - MCUIKit/Gesonry
  - MJExtension (3.0.13)
  - Specta (1.0.7)

DEPENDENCIES:
  - Expecta
  - MCJSONKit (from `../`)
  - MCLogger
  - MCUIKit
  - MJExtension
  - Specta

EXTERNAL SOURCES:
  MCJSONKit:
    :path: ../

SPEC CHECKSUMS:
  CocoaLumberjack: 3c8c74683302f9012bb168e1c4b7ae3c0b558431
  Expecta: 3b6bd90a64b9a1dcb0b70aa0e10a7f8f631667d5
  MCFoundation: f03b2f02918ed3d8e6c30cef7ce030cf0b93f9aa
  MCJSONKit: 390ce31fe2b984994380125ff13382b16816e525
  MCLogger: f258a43a313bfeabcd85781847626a6f51e6a715
  MCUIKit: 4d9fb8d30b0cf44bf99605ecd248a3092d6f4e13
  MJExtension: 5932755f451458eefa24239358817f8d291240c7
  Specta: 3e1bd89c3517421982dc4d1c992503e48bd5fe66

PODFILE CHECKSUM: ce2bfdf4d365885b6acb263d91c0d0fdcecc998f

COCOAPODS: 1.4.0
