// !$*UTF8*$!
{
	archiveVersion = 1;
	classes = {
	};
	objectVersion = 46;
	objects = {

/* Begin PBXBuildFile section */
		C59F40DC1F83694600A5801C /* MCJSONKit.h in Headers */ = {isa = PBXBuildFile; fileRef = C59F40DB1F83694600A5801C /* MCJSONKit.h */; settings = {ATTRIBUTES = (Public, ); }; };
		C59F40E31F83695100A5801C /* MCJSONKitProperty.h in Headers */ = {isa = PBXBuildFile; fileRef = C59F40DD1F83695100A5801C /* MCJSONKitProperty.h */; };
		C59F40E41F83695100A5801C /* MCJSONKitProperty.m in Sources */ = {isa = PBXBuildFile; fileRef = C59F40DE1F83695100A5801C /* MCJSONKitProperty.m */; };
		C59F40E51F83695100A5801C /* NSDictionary+MCJSONKit.h in Headers */ = {isa = PBXBuildFile; fileRef = C59F40DF1F83695100A5801C /* NSDictionary+MCJSONKit.h */; settings = {ATTRIBUTES = (Public, ); }; };
		C59F40E61F83695100A5801C /* NSDictionary+MCJSONKit.m in Sources */ = {isa = PBXBuildFile; fileRef = C59F40E01F83695100A5801C /* NSDictionary+MCJSONKit.m */; };
		C59F40E71F83695100A5801C /* NSObject+MCJSONKit.h in Headers */ = {isa = PBXBuildFile; fileRef = C59F40E11F83695100A5801C /* NSObject+MCJSONKit.h */; settings = {ATTRIBUTES = (Public, ); }; };
		C59F40E81F83695100A5801C /* NSObject+MCJSONKit.m in Sources */ = {isa = PBXBuildFile; fileRef = C59F40E21F83695100A5801C /* NSObject+MCJSONKit.m */; };
		C59F40E91F836B5900A5801C /* Info.plist in Resources */ = {isa = PBXBuildFile; fileRef = C59F40D91F83693800A5801C /* Info.plist */; };
/* End PBXBuildFile section */

/* Begin PBXFileReference section */
		C59F40CE1F8368D100A5801C /* MCJSONKit.framework */ = {isa = PBXFileReference; explicitFileType = wrapper.framework; includeInIndex = 0; path = MCJSONKit.framework; sourceTree = BUILT_PRODUCTS_DIR; };
		C59F40D91F83693800A5801C /* Info.plist */ = {isa = PBXFileReference; fileEncoding = 4; lastKnownFileType = text.plist.xml; path = Info.plist; sourceTree = "<group>"; };
		C59F40DB1F83694600A5801C /* MCJSONKit.h */ = {isa = PBXFileReference; fileEncoding = 4; lastKnownFileType = sourcecode.c.h; path = MCJSONKit.h; sourceTree = "<group>"; };
		C59F40DD1F83695100A5801C /* MCJSONKitProperty.h */ = {isa = PBXFileReference; fileEncoding = 4; lastKnownFileType = sourcecode.c.h; path = MCJSONKitProperty.h; sourceTree = "<group>"; };
		C59F40DE1F83695100A5801C /* MCJSONKitProperty.m */ = {isa = PBXFileReference; fileEncoding = 4; lastKnownFileType = sourcecode.c.objc; path = MCJSONKitProperty.m; sourceTree = "<group>"; };
		C59F40DF1F83695100A5801C /* NSDictionary+MCJSONKit.h */ = {isa = PBXFileReference; fileEncoding = 4; lastKnownFileType = sourcecode.c.h; path = "NSDictionary+MCJSONKit.h"; sourceTree = "<group>"; };
		C59F40E01F83695100A5801C /* NSDictionary+MCJSONKit.m */ = {isa = PBXFileReference; fileEncoding = 4; lastKnownFileType = sourcecode.c.objc; path = "NSDictionary+MCJSONKit.m"; sourceTree = "<group>"; };
		C59F40E11F83695100A5801C /* NSObject+MCJSONKit.h */ = {isa = PBXFileReference; fileEncoding = 4; lastKnownFileType = sourcecode.c.h; path = "NSObject+MCJSONKit.h"; sourceTree = "<group>"; };
		C59F40E21F83695100A5801C /* NSObject+MCJSONKit.m */ = {isa = PBXFileReference; fileEncoding = 4; lastKnownFileType = sourcecode.c.objc; path = "NSObject+MCJSONKit.m"; sourceTree = "<group>"; };
/* End PBXFileReference section */

/* Begin PBXFrameworksBuildPhase section */
		C59F40CA1F8368D100A5801C /* Frameworks */ = {
			isa = PBXFrameworksBuildPhase;
			buildActionMask = 2147483647;
			files = (
			);
			runOnlyForDeploymentPostprocessing = 0;
		};
/* End PBXFrameworksBuildPhase section */

/* Begin PBXGroup section */
		C59F40C41F8368D100A5801C = {
			isa = PBXGroup;
			children = (
				C59F40D01F8368D100A5801C /* MCJSONKit */,
				C59F40CF1F8368D100A5801C /* Products */,
			);
			sourceTree = "<group>";
		};
		C59F40CF1F8368D100A5801C /* Products */ = {
			isa = PBXGroup;
			children = (
				C59F40CE1F8368D100A5801C /* MCJSONKit.framework */,
			);
			name = Products;
			sourceTree = "<group>";
		};
		C59F40D01F8368D100A5801C /* MCJSONKit */ = {
			isa = PBXGroup;
			children = (
				C59F40D91F83693800A5801C /* Info.plist */,
				C59F40DB1F83694600A5801C /* MCJSONKit.h */,
				C59F40DD1F83695100A5801C /* MCJSONKitProperty.h */,
				C59F40DE1F83695100A5801C /* MCJSONKitProperty.m */,
				C59F40DF1F83695100A5801C /* NSDictionary+MCJSONKit.h */,
				C59F40E01F83695100A5801C /* NSDictionary+MCJSONKit.m */,
				C59F40E11F83695100A5801C /* NSObject+MCJSONKit.h */,
				C59F40E21F83695100A5801C /* NSObject+MCJSONKit.m */,
			);
			path = MCJSONKit;
			sourceTree = "<group>";
		};
/* End PBXGroup section */

/* Begin PBXHeadersBuildPhase section */
		C59F40CB1F8368D100A5801C /* Headers */ = {
			isa = PBXHeadersBuildPhase;
			buildActionMask = 2147483647;
			files = (
				C59F40DC1F83694600A5801C /* MCJSONKit.h in Headers */,
				C59F40E71F83695100A5801C /* NSObject+MCJSONKit.h in Headers */,
				C59F40E51F83695100A5801C /* NSDictionary+MCJSONKit.h in Headers */,
				C59F40E31F83695100A5801C /* MCJSONKitProperty.h in Headers */,
			);
			runOnlyForDeploymentPostprocessing = 0;
		};
/* End PBXHeadersBuildPhase section */

/* Begin PBXNativeTarget section */
		C59F40CD1F8368D100A5801C /* MCJSONKit */ = {
			isa = PBXNativeTarget;
			buildConfigurationList = C59F40D61F8368D100A5801C /* Build configuration list for PBXNativeTarget "MCJSONKit" */;
			buildPhases = (
				C59F40C91F8368D100A5801C /* Sources */,
				C59F40CA1F8368D100A5801C /* Frameworks */,
				C59F40CB1F8368D100A5801C /* Headers */,
				C59F40CC1F8368D100A5801C /* Resources */,
			);
			buildRules = (
			);
			dependencies = (
			);
			name = MCJSONKit;
			productName = MCJSONKit;
			productReference = C59F40CE1F8368D100A5801C /* MCJSONKit.framework */;
			productType = "com.apple.product-type.framework";
		};
/* End PBXNativeTarget section */

/* Begin PBXProject section */
		C59F40C51F8368D100A5801C /* Project object */ = {
			isa = PBXProject;
			attributes = {
				CLASSPREFIX = MC;
				LastUpgradeCheck = 0830;
				ORGANIZATIONNAME = mylcode;
				TargetAttributes = {
					C59F40CD1F8368D100A5801C = {
						CreatedOnToolsVersion = 8.3.3;
						ProvisioningStyle = Automatic;
					};
				};
			};
			buildConfigurationList = C59F40C81F8368D100A5801C /* Build configuration list for PBXProject "MCJSONKit" */;
			compatibilityVersion = "Xcode 3.2";
			developmentRegion = English;
			hasScannedForEncodings = 0;
			knownRegions = (
				en,
			);
			mainGroup = C59F40C41F8368D100A5801C;
			productRefGroup = C59F40CF1F8368D100A5801C /* Products */;
			projectDirPath = "";
			projectRoot = "";
			targets = (
				C59F40CD1F8368D100A5801C /* MCJSONKit */,
			);
		};
/* End PBXProject section */

/* Begin PBXResourcesBuildPhase section */
		C59F40CC1F8368D100A5801C /* Resources */ = {
			isa = PBXResourcesBuildPhase;
			buildActionMask = 2147483647;
			files = (
				C59F40E91F836B5900A5801C /* Info.plist in Resources */,
			);
			runOnlyForDeploymentPostprocessing = 0;
		};
/* End PBXResourcesBuildPhase section */

/* Begin PBXSourcesBuildPhase section */
		C59F40C91F8368D100A5801C /* Sources */ = {
			isa = PBXSourcesBuildPhase;
			buildActionMask = 2147483647;
			files = (
				C59F40E81F83695100A5801C /* NSObject+MCJSONKit.m in Sources */,
				C59F40E61F83695100A5801C /* NSDictionary+MCJSONKit.m in Sources */,
				C59F40E41F83695100A5801C /* MCJSONKitProperty.m in Sources */,
			);
			runOnlyForDeploymentPostprocessing = 0;
		};
/* End PBXSourcesBuildPhase section */

/* Begin XCBuildConfiguration section */
		C59F40D41F8368D100A5801C /* Debug */ = {
			isa = XCBuildConfiguration;
			buildSettings = {
				ALWAYS_SEARCH_USER_PATHS = NO;
				CLANG_ANALYZER_NONNULL = YES;
				CLANG_ANALYZER_NUMBER_OBJECT_CONVERSION = YES_AGGRESSIVE;
				CLANG_CXX_LANGUAGE_STANDARD = "gnu++0x";
				CLANG_CXX_LIBRARY = "libc++";
				CLANG_ENABLE_MODULES = YES;
				CLANG_ENABLE_OBJC_ARC = YES;
				CLANG_WARN_BOOL_CONVERSION = YES;
				CLANG_WARN_CONSTANT_CONVERSION = YES;
				CLANG_WARN_DIRECT_OBJC_ISA_USAGE = YES_ERROR;
				CLANG_WARN_DOCUMENTATION_COMMENTS = YES;
				CLANG_WARN_EMPTY_BODY = YES;
				CLANG_WARN_ENUM_CONVERSION = YES;
				CLANG_WARN_INFINITE_RECURSION = YES;
				CLANG_WARN_INT_CONVERSION = YES;
				CLANG_WARN_OBJC_ROOT_CLASS = YES_ERROR;
				CLANG_WARN_SUSPICIOUS_MOVE = YES;
				CLANG_WARN_UNREACHABLE_CODE = YES;
				CLANG_WARN__DUPLICATE_METHOD_MATCH = YES;
				"CODE_SIGN_IDENTITY[sdk=iphoneos*]" = "iPhone Developer";
				COPY_PHASE_STRIP = NO;
				CURRENT_PROJECT_VERSION = 1;
				DEBUG_INFORMATION_FORMAT = dwarf;
				ENABLE_STRICT_OBJC_MSGSEND = YES;
				ENABLE_TESTABILITY = YES;
				GCC_C_LANGUAGE_STANDARD = gnu99;
				GCC_DYNAMIC_NO_PIC = NO;
				GCC_NO_COMMON_BLOCKS = YES;
				GCC_OPTIMIZATION_LEVEL = 0;
				GCC_PREPROCESSOR_DEFINITIONS = (
					"DEBUG=1",
					"$(inherited)",
				);
				GCC_WARN_64_TO_32_BIT_CONVERSION = YES;
				GCC_WARN_ABOUT_RETURN_TYPE = YES_ERROR;
				GCC_WARN_UNDECLARED_SELECTOR = YES;
				GCC_WARN_UNINITIALIZED_AUTOS = YES_AGGRESSIVE;
				GCC_WARN_UNUSED_FUNCTION = YES;
				GCC_WARN_UNUSED_VARIABLE = YES;
				IPHONEOS_DEPLOYMENT_TARGET = 8.0;
				MTL_ENABLE_DEBUG_INFO = YES;
				ONLY_ACTIVE_ARCH = YES;
				SDKROOT = iphoneos;
				TARGETED_DEVICE_FAMILY = "1,2";
				VERSIONING_SYSTEM = "apple-generic";
				VERSION_INFO_PREFIX = "";
			};
			name = Debug;
		};
		C59F40D51F8368D100A5801C /* Release */ = {
			isa = XCBuildConfiguration;
			buildSettings = {
				ALWAYS_SEARCH_USER_PATHS = NO;
				CLANG_ANALYZER_NONNULL = YES;
				CLANG_ANALYZER_NUMBER_OBJECT_CONVERSION = YES_AGGRESSIVE;
				CLANG_CXX_LANGUAGE_STANDARD = "gnu++0x";
				CLANG_CXX_LIBRARY = "libc++";
				CLANG_ENABLE_MODULES = YES;
				CLANG_ENABLE_OBJC_ARC = YES;
				CLANG_WARN_BOOL_CONVERSION = YES;
				CLANG_WARN_CONSTANT_CONVERSION = YES;
				CLANG_WARN_DIRECT_OBJC_ISA_USAGE = YES_ERROR;
				CLANG_WARN_DOCUMENTATION_COMMENTS = YES;
				CLANG_WARN_EMPTY_BODY = YES;
				CLANG_WARN_ENUM_CONVERSION = YES;
				CLANG_WARN_INFINITE_RECURSION = YES;
				CLANG_WARN_INT_CONVERSION = YES;
				CLANG_WARN_OBJC_ROOT_CLASS = YES_ERROR;
				CLANG_WARN_SUSPICIOUS_MOVE = YES;
				CLANG_WARN_UNREACHABLE_CODE = YES;
				CLANG_WARN__DUPLICATE_METHOD_MATCH = YES;
				"CODE_SIGN_IDENTITY[sdk=iphoneos*]" = "iPhone Developer";
				COPY_PHASE_STRIP = NO;
				CURRENT_PROJECT_VERSION = 1;
				DEBUG_INFORMATION_FORMAT = "dwarf-with-dsym";
				ENABLE_NS_ASSERTIONS = NO;
				ENABLE_STRICT_OBJC_MSGSEND = YES;
				GCC_C_LANGUAGE_STANDARD = gnu99;
				GCC_NO_COMMON_BLOCKS = YES;
				GCC_WARN_64_TO_32_BIT_CONVERSION = YES;
				GCC_WARN_ABOUT_RETURN_TYPE = YES_ERROR;
				GCC_WARN_UNDECLARED_SELECTOR = YES;
				GCC_WARN_UNINITIALIZED_AUTOS = YES_AGGRESSIVE;
				GCC_WARN_UNUSED_FUNCTION = YES;
				GCC_WARN_UNUSED_VARIABLE = YES;
				IPHONEOS_DEPLOYMENT_TARGET = 8.0;
				MTL_ENABLE_DEBUG_INFO = NO;
				SDKROOT = iphoneos;
				TARGETED_DEVICE_FAMILY = "1,2";
				VALIDATE_PRODUCT = YES;
				VERSIONING_SYSTEM = "apple-generic";
				VERSION_INFO_PREFIX = "";
			};
			name = Release;
		};
		C59F40D71F8368D100A5801C /* Debug */ = {
			isa = XCBuildConfiguration;
			buildSettings = {
				CODE_SIGN_IDENTITY = "";
				DEFINES_MODULE = YES;
				DYLIB_COMPATIBILITY_VERSION = 1;
				DYLIB_CURRENT_VERSION = 1;
				DYLIB_INSTALL_NAME_BASE = "@rpath";
				INFOPLIST_FILE = MCJSONKit/Info.plist;
				INSTALL_PATH = "$(LOCAL_LIBRARY_DIR)/Frameworks";
				LD_RUNPATH_SEARCH_PATHS = "$(inherited) @executable_path/Frameworks @loader_path/Frameworks";
				PRODUCT_BUNDLE_IDENTIFIER = com.mycode.MCJSONKit;
				PRODUCT_NAME = "$(TARGET_NAME)";
				SKIP_INSTALL = YES;
			};
			name = Debug;
		};
		C59F40D81F8368D100A5801C /* Release */ = {
			isa = XCBuildConfiguration;
			buildSettings = {
				CODE_SIGN_IDENTITY = "";
				DEFINES_MODULE = YES;
				DYLIB_COMPATIBILITY_VERSION = 1;
				DYLIB_CURRENT_VERSION = 1;
				DYLIB_INSTALL_NAME_BASE = "@rpath";
				INFOPLIST_FILE = MCJSONKit/Info.plist;
				INSTALL_PATH = "$(LOCAL_LIBRARY_DIR)/Frameworks";
				LD_RUNPATH_SEARCH_PATHS = "$(inherited) @executable_path/Frameworks @loader_path/Frameworks";
				PRODUCT_BUNDLE_IDENTIFIER = com.mycode.MCJSONKit;
				PRODUCT_NAME = "$(TARGET_NAME)";
				SKIP_INSTALL = YES;
			};
			name = Release;
		};
/* End XCBuildConfiguration section */

/* Begin XCConfigurationList section */
		C59F40C81F8368D100A5801C /* Build configuration list for PBXProject "MCJSONKit" */ = {
			isa = XCConfigurationList;
			buildConfigurations = (
				C59F40D41F8368D100A5801C /* Debug */,
				C59F40D51F8368D100A5801C /* Release */,
			);
			defaultConfigurationIsVisible = 0;
			defaultConfigurationName = Release;
		};
		C59F40D61F8368D100A5801C /* Build configuration list for PBXNativeTarget "MCJSONKit" */ = {
			isa = XCConfigurationList;
			buildConfigurations = (
				C59F40D71F8368D100A5801C /* Debug */,
				C59F40D81F8368D100A5801C /* Release */,
			);
			defaultConfigurationIsVisible = 0;
			defaultConfigurationName = Release;
		};
/* End XCConfigurationList section */
	};
	rootObject = C59F40C51F8368D100A5801C /* Project object */;
}
