// !$*UTF8*$!
{
	archiveVersion = 1;
	classes = {
	};
	objectVersion = 46;
	objects = {

/* Begin PBXBuildFile section */
		D28293401DF64892009884F3 /* main.m in Sources */ = {isa = PBXBuildFile; fileRef = D282933F1DF64892009884F3 /* main.m */; };
		D28293431DF648DD009884F3 /* JSONCore.m in Sources */ = {isa = PBXBuildFile; fileRef = D28293421DF648DD009884F3 /* JSONCore.m */; };
		D28293561DF7EB2B009884F3 /* JSONCoreProperty.m in Sources */ = {isa = PBXBuildFile; fileRef = D28293551DF7EB2B009884F3 /* JSONCoreProperty.m */; };
		D282935B1DF7EB64009884F3 /* COBaseModel.m in Sources */ = {isa = PBXBuildFile; fileRef = D28293581DF7EB64009884F3 /* COBaseModel.m */; };
		D282935C1DF7EB64009884F3 /* COTestModel.m in Sources */ = {isa = PBXBuildFile; fileRef = D282935A1DF7EB64009884F3 /* COTestModel.m */; };
/* End PBXBuildFile section */

/* Begin PBXCopyFilesBuildPhase section */
		D28293331DF6474B009884F3 /* CopyFiles */ = {
			isa = PBXCopyFilesBuildPhase;
			buildActionMask = 8;
			dstPath = Resources;
			dstSubfolderSpec = 6;
			files = (
			);
			runOnlyForDeploymentPostprocessing = 1;
		};
/* End PBXCopyFilesBuildPhase section */

/* Begin PBXFileReference section */
		D28293351DF6474B009884F3 /* COJSONCore */ = {isa = PBXFileReference; explicitFileType = "compiled.mach-o.executable"; includeInIndex = 0; path = COJSONCore; sourceTree = BUILT_PRODUCTS_DIR; };
		D282933F1DF64892009884F3 /* main.m */ = {isa = PBXFileReference; fileEncoding = 4; lastKnownFileType = sourcecode.c.objc; path = main.m; sourceTree = SOURCE_ROOT; };
		D28293411DF648DD009884F3 /* JSONCore.h */ = {isa = PBXFileReference; fileEncoding = 4; lastKnownFileType = sourcecode.c.h; name = JSONCore.h; path = JSONCore/JSONCore.h; sourceTree = SOURCE_ROOT; };
		D28293421DF648DD009884F3 /* JSONCore.m */ = {isa = PBXFileReference; fileEncoding = 4; lastKnownFileType = sourcecode.c.objc; name = JSONCore.m; path = JSONCore/JSONCore.m; sourceTree = SOURCE_ROOT; };
		D28293451DF64AD1009884F3 /* Cocoa.framework */ = {isa = PBXFileReference; lastKnownFileType = wrapper.framework; name = Cocoa.framework; path = System/Library/Frameworks/Cocoa.framework; sourceTree = SDKROOT; };
		D28293541DF7EB2B009884F3 /* JSONCoreProperty.h */ = {isa = PBXFileReference; fileEncoding = 4; lastKnownFileType = sourcecode.c.h; name = JSONCoreProperty.h; path = JSONCore/JSONCoreProperty.h; sourceTree = SOURCE_ROOT; };
		D28293551DF7EB2B009884F3 /* JSONCoreProperty.m */ = {isa = PBXFileReference; fileEncoding = 4; lastKnownFileType = sourcecode.c.objc; name = JSONCoreProperty.m; path = JSONCore/JSONCoreProperty.m; sourceTree = SOURCE_ROOT; };
		D28293571DF7EB64009884F3 /* COBaseModel.h */ = {isa = PBXFileReference; fileEncoding = 4; lastKnownFileType = sourcecode.c.h; name = COBaseModel.h; path = Simple/COBaseModel.h; sourceTree = "<group>"; };
		D28293581DF7EB64009884F3 /* COBaseModel.m */ = {isa = PBXFileReference; fileEncoding = 4; lastKnownFileType = sourcecode.c.objc; name = COBaseModel.m; path = Simple/COBaseModel.m; sourceTree = "<group>"; };
		D28293591DF7EB64009884F3 /* COTestModel.h */ = {isa = PBXFileReference; fileEncoding = 4; lastKnownFileType = sourcecode.c.h; name = COTestModel.h; path = Simple/COTestModel.h; sourceTree = "<group>"; };
		D282935A1DF7EB64009884F3 /* COTestModel.m */ = {isa = PBXFileReference; fileEncoding = 4; lastKnownFileType = sourcecode.c.objc; name = COTestModel.m; path = Simple/COTestModel.m; sourceTree = "<group>"; };
/* End PBXFileReference section */

/* Begin PBXFrameworksBuildPhase section */
		D28293321DF6474B009884F3 /* Frameworks */ = {
			isa = PBXFrameworksBuildPhase;
			buildActionMask = 2147483647;
			files = (
			);
			runOnlyForDeploymentPostprocessing = 0;
		};
/* End PBXFrameworksBuildPhase section */

/* Begin PBXGroup section */
		D282932C1DF6474B009884F3 = {
			isa = PBXGroup;
			children = (
				D282933F1DF64892009884F3 /* main.m */,
				D28293371DF6474B009884F3 /* JSONCore */,
				D28293471DF64B16009884F3 /* Models */,
				D28293361DF6474B009884F3 /* Products */,
				D28293441DF64AD1009884F3 /* Frameworks */,
			);
			sourceTree = "<group>";
		};
		D28293361DF6474B009884F3 /* Products */ = {
			isa = PBXGroup;
			children = (
				D28293351DF6474B009884F3 /* COJSONCore */,
			);
			name = Products;
			sourceTree = "<group>";
		};
		D28293371DF6474B009884F3 /* JSONCore */ = {
			isa = PBXGroup;
			children = (
				D28293411DF648DD009884F3 /* JSONCore.h */,
				D28293421DF648DD009884F3 /* JSONCore.m */,
				D28293541DF7EB2B009884F3 /* JSONCoreProperty.h */,
				D28293551DF7EB2B009884F3 /* JSONCoreProperty.m */,
			);
			name = JSONCore;
			path = COJSONCore;
			sourceTree = "<group>";
		};
		D28293441DF64AD1009884F3 /* Frameworks */ = {
			isa = PBXGroup;
			children = (
				D28293451DF64AD1009884F3 /* Cocoa.framework */,
			);
			name = Frameworks;
			sourceTree = "<group>";
		};
		D28293471DF64B16009884F3 /* Models */ = {
			isa = PBXGroup;
			children = (
				D28293571DF7EB64009884F3 /* COBaseModel.h */,
				D28293581DF7EB64009884F3 /* COBaseModel.m */,
				D28293591DF7EB64009884F3 /* COTestModel.h */,
				D282935A1DF7EB64009884F3 /* COTestModel.m */,
			);
			name = Models;
			sourceTree = "<group>";
		};
/* End PBXGroup section */

/* Begin PBXNativeTarget section */
		D28293341DF6474B009884F3 /* COJSONCore */ = {
			isa = PBXNativeTarget;
			buildConfigurationList = D282933C1DF6474B009884F3 /* Build configuration list for PBXNativeTarget "COJSONCore" */;
			buildPhases = (
				D28293311DF6474B009884F3 /* Sources */,
				D28293321DF6474B009884F3 /* Frameworks */,
				D28293331DF6474B009884F3 /* CopyFiles */,
			);
			buildRules = (
			);
			dependencies = (
			);
			name = COJSONCore;
			productName = COJSONCore;
			productReference = D28293351DF6474B009884F3 /* COJSONCore */;
			productType = "com.apple.product-type.tool";
		};
/* End PBXNativeTarget section */

/* Begin PBXProject section */
		D282932D1DF6474B009884F3 /* Project object */ = {
			isa = PBXProject;
			attributes = {
				LastUpgradeCheck = 0800;
				ORGANIZATIONNAME = maintoco;
				TargetAttributes = {
					D28293341DF6474B009884F3 = {
						CreatedOnToolsVersion = 8.0;
						ProvisioningStyle = Automatic;
					};
				};
			};
			buildConfigurationList = D28293301DF6474B009884F3 /* Build configuration list for PBXProject "COJSONCore" */;
			compatibilityVersion = "Xcode 3.2";
			developmentRegion = English;
			hasScannedForEncodings = 0;
			knownRegions = (
				en,
			);
			mainGroup = D282932C1DF6474B009884F3;
			productRefGroup = D28293361DF6474B009884F3 /* Products */;
			projectDirPath = "";
			projectRoot = "";
			targets = (
				D28293341DF6474B009884F3 /* COJSONCore */,
			);
		};
/* End PBXProject section */

/* Begin PBXSourcesBuildPhase section */
		D28293311DF6474B009884F3 /* Sources */ = {
			isa = PBXSourcesBuildPhase;
			buildActionMask = 2147483647;
			files = (
				D28293431DF648DD009884F3 /* JSONCore.m in Sources */,
				D28293401DF64892009884F3 /* main.m in Sources */,
				D282935B1DF7EB64009884F3 /* COBaseModel.m in Sources */,
				D28293561DF7EB2B009884F3 /* JSONCoreProperty.m in Sources */,
				D282935C1DF7EB64009884F3 /* COTestModel.m in Sources */,
			);
			runOnlyForDeploymentPostprocessing = 0;
		};
/* End PBXSourcesBuildPhase section */

/* Begin XCBuildConfiguration section */
		D282933A1DF6474B009884F3 /* Debug */ = {
			isa = XCBuildConfiguration;
			buildSettings = {
				ALWAYS_SEARCH_USER_PATHS = NO;
				ARCHS = "$(ARCHS_STANDARD)";
				CLANG_ANALYZER_NONNULL = YES;
				CLANG_CXX_LANGUAGE_STANDARD = "gnu++0x";
				CLANG_CXX_LIBRARY = "libc++";
				CLANG_ENABLE_MODULES = YES;
				CLANG_ENABLE_OBJC_ARC = YES;
				CLANG_WARN_BOOL_CONVERSION = YES;
				CLANG_WARN_CONSTANT_CONVERSION = YES;
				CLANG_WARN_DIRECT_OBJC_ISA_USAGE = YES_ERROR;
				CLANG_WARN_DOCUMENTATION_COMMENTS = YES;
				CLANG_WARN_EMPTY_BODY = YES;
				CLANG_WARN_ENUM_CONVERSION = YES;
				CLANG_WARN_INFINITE_RECURSION = YES;
				CLANG_WARN_INT_CONVERSION = YES;
				CLANG_WARN_OBJC_ROOT_CLASS = YES_ERROR;
				CLANG_WARN_SUSPICIOUS_MOVES = YES;
				CLANG_WARN_UNREACHABLE_CODE = YES;
				CLANG_WARN__DUPLICATE_METHOD_MATCH = YES;
				CODE_SIGN_IDENTITY = "-";
				COPY_PHASE_STRIP = NO;
				DEBUG_INFORMATION_FORMAT = dwarf;
				ENABLE_STRICT_OBJC_MSGSEND = YES;
				ENABLE_TESTABILITY = YES;
				GCC_C_LANGUAGE_STANDARD = gnu99;
				GCC_DYNAMIC_NO_PIC = NO;
				GCC_NO_COMMON_BLOCKS = YES;
				GCC_OPTIMIZATION_LEVEL = 0;
				GCC_PREPROCESSOR_DEFINITIONS = (
					"DEBUG=1",
					"$(inherited)",
				);
				GCC_WARN_64_TO_32_BIT_CONVERSION = YES;
				GCC_WARN_ABOUT_RETURN_TYPE = YES_ERROR;
				GCC_WARN_UNDECLARED_SELECTOR = YES;
				GCC_WARN_UNINITIALIZED_AUTOS = YES_AGGRESSIVE;
				GCC_WARN_UNUSED_FUNCTION = YES;
				GCC_WARN_UNUSED_VARIABLE = YES;
				MACOSX_DEPLOYMENT_TARGET = 10.9;
				MTL_ENABLE_DEBUG_INFO = YES;
				ONLY_ACTIVE_ARCH = YES;
				SDKROOT = macosx;
			};
			name = Debug;
		};
		D282933B1DF6474B009884F3 /* Release */ = {
			isa = XCBuildConfiguration;
			buildSettings = {
				ALWAYS_SEARCH_USER_PATHS = NO;
				ARCHS = "$(ARCHS_STANDARD)";
				CLANG_ANALYZER_NONNULL = YES;
				CLANG_CXX_LANGUAGE_STANDARD = "gnu++0x";
				CLANG_CXX_LIBRARY = "libc++";
				CLANG_ENABLE_MODULES = YES;
				CLANG_ENABLE_OBJC_ARC = YES;
				CLANG_WARN_BOOL_CONVERSION = YES;
				CLANG_WARN_CONSTANT_CONVERSION = YES;
				CLANG_WARN_DIRECT_OBJC_ISA_USAGE = YES_ERROR;
				CLANG_WARN_DOCUMENTATION_COMMENTS = YES;
				CLANG_WARN_EMPTY_BODY = YES;
				CLANG_WARN_ENUM_CONVERSION = YES;
				CLANG_WARN_INFINITE_RECURSION = YES;
				CLANG_WARN_INT_CONVERSION = YES;
				CLANG_WARN_OBJC_ROOT_CLASS = YES_ERROR;
				CLANG_WARN_SUSPICIOUS_MOVES = YES;
				CLANG_WARN_UNREACHABLE_CODE = YES;
				CLANG_WARN__DUPLICATE_METHOD_MATCH = YES;
				CODE_SIGN_IDENTITY = "-";
				COPY_PHASE_STRIP = NO;
				DEBUG_INFORMATION_FORMAT = "dwarf-with-dsym";
				ENABLE_NS_ASSERTIONS = NO;
				ENABLE_STRICT_OBJC_MSGSEND = YES;
				GCC_C_LANGUAGE_STANDARD = gnu99;
				GCC_NO_COMMON_BLOCKS = YES;
				GCC_WARN_64_TO_32_BIT_CONVERSION = YES;
				GCC_WARN_ABOUT_RETURN_TYPE = YES_ERROR;
				GCC_WARN_UNDECLARED_SELECTOR = YES;
				GCC_WARN_UNINITIALIZED_AUTOS = YES_AGGRESSIVE;
				GCC_WARN_UNUSED_FUNCTION = YES;
				GCC_WARN_UNUSED_VARIABLE = YES;
				MACOSX_DEPLOYMENT_TARGET = 10.9;
				MTL_ENABLE_DEBUG_INFO = NO;
				SDKROOT = macosx;
			};
			name = Release;
		};
		D282933D1DF6474B009884F3 /* Debug */ = {
			isa = XCBuildConfiguration;
			buildSettings = {
				PRODUCT_NAME = "$(TARGET_NAME)";
			};
			name = Debug;
		};
		D282933E1DF6474B009884F3 /* Release */ = {
			isa = XCBuildConfiguration;
			buildSettings = {
				PRODUCT_NAME = "$(TARGET_NAME)";
			};
			name = Release;
		};
/* End XCBuildConfiguration section */

/* Begin XCConfigurationList section */
		D28293301DF6474B009884F3 /* Build configuration list for PBXProject "COJSONCore" */ = {
			isa = XCConfigurationList;
			buildConfigurations = (
				D282933A1DF6474B009884F3 /* Debug */,
				D282933B1DF6474B009884F3 /* Release */,
			);
			defaultConfigurationIsVisible = 0;
			defaultConfigurationName = Release;
		};
		D282933C1DF6474B009884F3 /* Build configuration list for PBXNativeTarget "COJSONCore" */ = {
			isa = XCConfigurationList;
			buildConfigurations = (
				D282933D1DF6474B009884F3 /* Debug */,
				D282933E1DF6474B009884F3 /* Release */,
			);
			defaultConfigurationIsVisible = 0;
			defaultConfigurationName = Release;
		};
/* End XCConfigurationList section */
	};
	rootObject = D282932D1DF6474B009884F3 /* Project object */;
}
