// !$*UTF8*$!
{
	archiveVersion = 1;
	classes = {
	};
	objectVersion = 46;
	objects = {

/* Begin PBXBuildFile section */
		2446FAE51E7B2DFD00E46A7D /* WBUser.m in Sources */ = {isa = PBXBuildFile; fileRef = 2446FAE41E7B2DFD00E46A7D /* WBUser.m */; };
		248F29531EBDBEC70029852E /* SimpleModel.m in Sources */ = {isa = PBXBuildFile; fileRef = 248F29521EBDBEC70029852E /* SimpleModel.m */; };
		248F29541EBDBFD60029852E /* simple.json in Resources */ = {isa = PBXBuildFile; fileRef = 248F294F1EBDBE8E0029852E /* simple.json */; };
		248F29551EBDD5450029852E /* SimpleModel.m in Sources */ = {isa = PBXBuildFile; fileRef = 248F29521EBDBEC70029852E /* SimpleModel.m */; };
		24D296111E7E806500F84C23 /* JSObject.m in Sources */ = {isa = PBXBuildFile; fileRef = 24D296101E7E806500F84C23 /* JSObject.m */; };
		6445C3E9A768C6844103543B /* libPods-iOSExample.a in Frameworks */ = {isa = PBXBuildFile; fileRef = 20A1D98A497DDD701351126F /* libPods-iOSExample.a */; };
		774DF4E81E0D04C300621AC7 /* Info.plist in Resources */ = {isa = PBXBuildFile; fileRef = 774DF4D21E0D04C300621AC7 /* Info.plist */; };
		774DF4E91E0D04C300621AC7 /* MJExtensionConst.m in Sources */ = {isa = PBXBuildFile; fileRef = 774DF4D51E0D04C300621AC7 /* MJExtensionConst.m */; };
		774DF4EA1E0D04C300621AC7 /* MJFoundation.m in Sources */ = {isa = PBXBuildFile; fileRef = 774DF4D71E0D04C300621AC7 /* MJFoundation.m */; };
		774DF4EB1E0D04C300621AC7 /* MJProperty.m in Sources */ = {isa = PBXBuildFile; fileRef = 774DF4D91E0D04C300621AC7 /* MJProperty.m */; };
		774DF4EC1E0D04C300621AC7 /* MJPropertyKey.m in Sources */ = {isa = PBXBuildFile; fileRef = 774DF4DB1E0D04C300621AC7 /* MJPropertyKey.m */; };
		774DF4ED1E0D04C300621AC7 /* MJPropertyType.m in Sources */ = {isa = PBXBuildFile; fileRef = 774DF4DD1E0D04C300621AC7 /* MJPropertyType.m */; };
		774DF4EE1E0D04C300621AC7 /* NSObject+MJClass.m in Sources */ = {isa = PBXBuildFile; fileRef = 774DF4DF1E0D04C300621AC7 /* NSObject+MJClass.m */; };
		774DF4EF1E0D04C300621AC7 /* NSObject+MJCoding.m in Sources */ = {isa = PBXBuildFile; fileRef = 774DF4E11E0D04C300621AC7 /* NSObject+MJCoding.m */; };
		774DF4F01E0D04C300621AC7 /* NSObject+MJKeyValue.m in Sources */ = {isa = PBXBuildFile; fileRef = 774DF4E31E0D04C300621AC7 /* NSObject+MJKeyValue.m */; };
		774DF4F11E0D04C300621AC7 /* NSObject+MJProperty.m in Sources */ = {isa = PBXBuildFile; fileRef = 774DF4E51E0D04C300621AC7 /* NSObject+MJProperty.m */; };
		774DF4F21E0D04C300621AC7 /* NSString+MJExtension.m in Sources */ = {isa = PBXBuildFile; fileRef = 774DF4E71E0D04C300621AC7 /* NSString+MJExtension.m */; };
		77756B441E0DF052006F5938 /* public_timeline.json in Resources */ = {isa = PBXBuildFile; fileRef = 77756B431E0DF052006F5938 /* public_timeline.json */; };
		A92AA93C1E08B57600B4579F /* MainViewController.m in Sources */ = {isa = PBXBuildFile; fileRef = A92AA93B1E08B57600B4579F /* MainViewController.m */; };
		A92AA9501E08D24E00B4579F /* WeiboViewModel.m in Sources */ = {isa = PBXBuildFile; fileRef = A92AA94F1E08D24E00B4579F /* WeiboViewModel.m */; };
		A92AA9531E08D40E00B4579F /* QuartzCore.framework in Frameworks */ = {isa = PBXBuildFile; fileRef = A92AA9521E08D40E00B4579F /* QuartzCore.framework */; };
		A92AA9551E08D41400B4579F /* ImageIO.framework in Frameworks */ = {isa = PBXBuildFile; fileRef = A92AA9541E08D41400B4579F /* ImageIO.framework */; };
		A92AA9571E08D41C00B4579F /* SystemConfiguration.framework in Frameworks */ = {isa = PBXBuildFile; fileRef = A92AA9561E08D41C00B4579F /* SystemConfiguration.framework */; };
		A92AA9591E08D42600B4579F /* Security.framework in Frameworks */ = {isa = PBXBuildFile; fileRef = A92AA9581E08D42600B4579F /* Security.framework */; };
		A92AA95B1E08D42D00B4579F /* CoreTelephony.framework in Frameworks */ = {isa = PBXBuildFile; fileRef = A92AA95A1E08D42D00B4579F /* CoreTelephony.framework */; };
		A92AA95D1E08D43300B4579F /* CoreText.framework in Frameworks */ = {isa = PBXBuildFile; fileRef = A92AA95C1E08D43300B4579F /* CoreText.framework */; };
		A92AA95F1E08D43C00B4579F /* UIKit.framework in Frameworks */ = {isa = PBXBuildFile; fileRef = A92AA95E1E08D43C00B4579F /* UIKit.framework */; };
		A92AA9611E08D44400B4579F /* CoreGraphics.framework in Frameworks */ = {isa = PBXBuildFile; fileRef = A92AA9601E08D44400B4579F /* CoreGraphics.framework */; };
		A92AA9631E08D44A00B4579F /* libz.tbd in Frameworks */ = {isa = PBXBuildFile; fileRef = A92AA9621E08D44A00B4579F /* libz.tbd */; };
		A92AA9651E08D45100B4579F /* libsqlite3.tbd in Frameworks */ = {isa = PBXBuildFile; fileRef = A92AA9641E08D45100B4579F /* libsqlite3.tbd */; };
		A92AA9681E08E08000B4579F /* WeiboRequest.m in Sources */ = {isa = PBXBuildFile; fileRef = A92AA9671E08E08000B4579F /* WeiboRequest.m */; };
		A92AA9721E08E3CC00B4579F /* WeiboModel.m in Sources */ = {isa = PBXBuildFile; fileRef = A92AA9711E08E3CC00B4579F /* WeiboModel.m */; };
		A92AA9761E08E3E500B4579F /* StatuseModel.m in Sources */ = {isa = PBXBuildFile; fileRef = A92AA9751E08E3E500B4579F /* StatuseModel.m */; };
		A92AA9791E08EEF400B4579F /* UserModel.m in Sources */ = {isa = PBXBuildFile; fileRef = A92AA9781E08EEF400B4579F /* UserModel.m */; };
		A92AA97F1E0A534C00B4579F /* UIViewExt.m in Sources */ = {isa = PBXBuildFile; fileRef = A92AA97E1E0A534C00B4579F /* UIViewExt.m */; };
		A92AA9831E0A55C100B4579F /* WeiboContentCell.m in Sources */ = {isa = PBXBuildFile; fileRef = A92AA9821E0A55C100B4579F /* WeiboContentCell.m */; };
		A92AA9861E0B571500B4579F /* LoadingView.m in Sources */ = {isa = PBXBuildFile; fileRef = A92AA9851E0B571500B4579F /* LoadingView.m */; };
		A9F9A0101E08B06C00E22FE7 /* main.m in Sources */ = {isa = PBXBuildFile; fileRef = A9F9A00F1E08B06C00E22FE7 /* main.m */; };
		A9F9A0131E08B06C00E22FE7 /* AppDelegate.m in Sources */ = {isa = PBXBuildFile; fileRef = A9F9A0121E08B06C00E22FE7 /* AppDelegate.m */; };
		A9F9A0191E08B06C00E22FE7 /* Main.storyboard in Resources */ = {isa = PBXBuildFile; fileRef = A9F9A0171E08B06C00E22FE7 /* Main.storyboard */; };
		A9F9A01B1E08B06C00E22FE7 /* Assets.xcassets in Resources */ = {isa = PBXBuildFile; fileRef = A9F9A01A1E08B06C00E22FE7 /* Assets.xcassets */; };
		A9F9A01E1E08B06C00E22FE7 /* LaunchScreen.storyboard in Resources */ = {isa = PBXBuildFile; fileRef = A9F9A01C1E08B06C00E22FE7 /* LaunchScreen.storyboard */; };
		A9F9A0291E08B06D00E22FE7 /* iOSExampleTests.m in Sources */ = {isa = PBXBuildFile; fileRef = A9F9A0281E08B06D00E22FE7 /* iOSExampleTests.m */; };
		A9F9A0361E08B1C800E22FE7 /* HomeTimelineController.m in Sources */ = {isa = PBXBuildFile; fileRef = A9F9A0351E08B1C800E22FE7 /* HomeTimelineController.m */; };
		C59F40EB1F836C1B00A5801C /* MCJSONKit.framework in Frameworks */ = {isa = PBXBuildFile; fileRef = C59F40EA1F836C1B00A5801C /* MCJSONKit.framework */; };
		D22FB32C1E1CF743001194A3 /* AssetsLibrary.framework in Frameworks */ = {isa = PBXBuildFile; fileRef = D22FB32B1E1CF743001194A3 /* AssetsLibrary.framework */; };
		D22FB32E1E1CF74E001194A3 /* MediaPlayer.framework in Frameworks */ = {isa = PBXBuildFile; fileRef = D22FB32D1E1CF74E001194A3 /* MediaPlayer.framework */; };
		D22FB3301E1CF75D001194A3 /* Photos.framework in Frameworks */ = {isa = PBXBuildFile; fileRef = D22FB32F1E1CF75D001194A3 /* Photos.framework */; settings = {ATTRIBUTES = (Weak, ); }; };
		D22FB3341E1CFCB6001194A3 /* Foundation.framework in Frameworks */ = {isa = PBXBuildFile; fileRef = D22FB3331E1CFCB6001194A3 /* Foundation.framework */; };
		EF4EE0151E5DCA1300E4565A /* ProfileViewController.m in Sources */ = {isa = PBXBuildFile; fileRef = EF4EE0131E5DCA1300E4565A /* ProfileViewController.m */; };
		EF4EE0161E5DCA1300E4565A /* ProfileViewController.xib in Resources */ = {isa = PBXBuildFile; fileRef = EF4EE0141E5DCA1300E4565A /* ProfileViewController.xib */; };
		EF4EE01A1E5DCB6100E4565A /* ProfileTableViewCell.m in Sources */ = {isa = PBXBuildFile; fileRef = EF4EE0181E5DCB6100E4565A /* ProfileTableViewCell.m */; };
		EF4EE01B1E5DCB6100E4565A /* ProfileTableViewCell.xib in Resources */ = {isa = PBXBuildFile; fileRef = EF4EE0191E5DCB6100E4565A /* ProfileTableViewCell.xib */; };
/* End PBXBuildFile section */

/* Begin PBXContainerItemProxy section */
		A9F9A0251E08B06D00E22FE7 /* PBXContainerItemProxy */ = {
			isa = PBXContainerItemProxy;
			containerPortal = A9F9A0031E08B06C00E22FE7 /* Project object */;
			proxyType = 1;
			remoteGlobalIDString = A9F9A00A1E08B06C00E22FE7;
			remoteInfo = iOSExample;
		};
/* End PBXContainerItemProxy section */

/* Begin PBXFileReference section */
		20A1D98A497DDD701351126F /* libPods-iOSExample.a */ = {isa = PBXFileReference; explicitFileType = archive.ar; includeInIndex = 0; path = "libPods-iOSExample.a"; sourceTree = BUILT_PRODUCTS_DIR; };
		2446FAE31E7B2DFD00E46A7D /* WBUser.h */ = {isa = PBXFileReference; fileEncoding = 4; lastKnownFileType = sourcecode.c.h; path = WBUser.h; sourceTree = "<group>"; };
		2446FAE41E7B2DFD00E46A7D /* WBUser.m */ = {isa = PBXFileReference; fileEncoding = 4; lastKnownFileType = sourcecode.c.objc; path = WBUser.m; sourceTree = "<group>"; };
		2446FAE61E7B2E9E00E46A7D /* PrefixHeader.pch */ = {isa = PBXFileReference; lastKnownFileType = sourcecode.c.h; path = PrefixHeader.pch; sourceTree = "<group>"; };
		248F294F1EBDBE8E0029852E /* simple.json */ = {isa = PBXFileReference; fileEncoding = 4; lastKnownFileType = text.json; path = simple.json; sourceTree = "<group>"; };
		248F29511EBDBEC70029852E /* SimpleModel.h */ = {isa = PBXFileReference; fileEncoding = 4; lastKnownFileType = sourcecode.c.h; path = SimpleModel.h; sourceTree = "<group>"; };
		248F29521EBDBEC70029852E /* SimpleModel.m */ = {isa = PBXFileReference; fileEncoding = 4; lastKnownFileType = sourcecode.c.objc; path = SimpleModel.m; sourceTree = "<group>"; };
		24D2960F1E7E806500F84C23 /* JSObject.h */ = {isa = PBXFileReference; fileEncoding = 4; lastKnownFileType = sourcecode.c.h; path = JSObject.h; sourceTree = "<group>"; };
		24D296101E7E806500F84C23 /* JSObject.m */ = {isa = PBXFileReference; fileEncoding = 4; lastKnownFileType = sourcecode.c.objc; path = JSObject.m; sourceTree = "<group>"; };
		774DF4D21E0D04C300621AC7 /* Info.plist */ = {isa = PBXFileReference; fileEncoding = 4; lastKnownFileType = text.plist.xml; path = Info.plist; sourceTree = "<group>"; };
		774DF4D31E0D04C300621AC7 /* MJExtension.h */ = {isa = PBXFileReference; fileEncoding = 4; lastKnownFileType = sourcecode.c.h; path = MJExtension.h; sourceTree = "<group>"; };
		774DF4D41E0D04C300621AC7 /* MJExtensionConst.h */ = {isa = PBXFileReference; fileEncoding = 4; lastKnownFileType = sourcecode.c.h; path = MJExtensionConst.h; sourceTree = "<group>"; };
		774DF4D51E0D04C300621AC7 /* MJExtensionConst.m */ = {isa = PBXFileReference; fileEncoding = 4; lastKnownFileType = sourcecode.c.objc; path = MJExtensionConst.m; sourceTree = "<group>"; };
		774DF4D61E0D04C300621AC7 /* MJFoundation.h */ = {isa = PBXFileReference; fileEncoding = 4; lastKnownFileType = sourcecode.c.h; path = MJFoundation.h; sourceTree = "<group>"; };
		774DF4D71E0D04C300621AC7 /* MJFoundation.m */ = {isa = PBXFileReference; fileEncoding = 4; lastKnownFileType = sourcecode.c.objc; path = MJFoundation.m; sourceTree = "<group>"; };
		774DF4D81E0D04C300621AC7 /* MJProperty.h */ = {isa = PBXFileReference; fileEncoding = 4; lastKnownFileType = sourcecode.c.h; path = MJProperty.h; sourceTree = "<group>"; };
		774DF4D91E0D04C300621AC7 /* MJProperty.m */ = {isa = PBXFileReference; fileEncoding = 4; lastKnownFileType = sourcecode.c.objc; path = MJProperty.m; sourceTree = "<group>"; };
		774DF4DA1E0D04C300621AC7 /* MJPropertyKey.h */ = {isa = PBXFileReference; fileEncoding = 4; lastKnownFileType = sourcecode.c.h; path = MJPropertyKey.h; sourceTree = "<group>"; };
		774DF4DB1E0D04C300621AC7 /* MJPropertyKey.m */ = {isa = PBXFileReference; fileEncoding = 4; lastKnownFileType = sourcecode.c.objc; path = MJPropertyKey.m; sourceTree = "<group>"; };
		774DF4DC1E0D04C300621AC7 /* MJPropertyType.h */ = {isa = PBXFileReference; fileEncoding = 4; lastKnownFileType = sourcecode.c.h; path = MJPropertyType.h; sourceTree = "<group>"; };
		774DF4DD1E0D04C300621AC7 /* MJPropertyType.m */ = {isa = PBXFileReference; fileEncoding = 4; lastKnownFileType = sourcecode.c.objc; path = MJPropertyType.m; sourceTree = "<group>"; };
		774DF4DE1E0D04C300621AC7 /* NSObject+MJClass.h */ = {isa = PBXFileReference; fileEncoding = 4; lastKnownFileType = sourcecode.c.h; path = "NSObject+MJClass.h"; sourceTree = "<group>"; };
		774DF4DF1E0D04C300621AC7 /* NSObject+MJClass.m */ = {isa = PBXFileReference; fileEncoding = 4; lastKnownFileType = sourcecode.c.objc; path = "NSObject+MJClass.m"; sourceTree = "<group>"; };
		774DF4E01E0D04C300621AC7 /* NSObject+MJCoding.h */ = {isa = PBXFileReference; fileEncoding = 4; lastKnownFileType = sourcecode.c.h; path = "NSObject+MJCoding.h"; sourceTree = "<group>"; };
		774DF4E11E0D04C300621AC7 /* NSObject+MJCoding.m */ = {isa = PBXFileReference; fileEncoding = 4; lastKnownFileType = sourcecode.c.objc; path = "NSObject+MJCoding.m"; sourceTree = "<group>"; };
		774DF4E21E0D04C300621AC7 /* NSObject+MJKeyValue.h */ = {isa = PBXFileReference; fileEncoding = 4; lastKnownFileType = sourcecode.c.h; path = "NSObject+MJKeyValue.h"; sourceTree = "<group>"; };
		774DF4E31E0D04C300621AC7 /* NSObject+MJKeyValue.m */ = {isa = PBXFileReference; fileEncoding = 4; lastKnownFileType = sourcecode.c.objc; path = "NSObject+MJKeyValue.m"; sourceTree = "<group>"; };
		774DF4E41E0D04C300621AC7 /* NSObject+MJProperty.h */ = {isa = PBXFileReference; fileEncoding = 4; lastKnownFileType = sourcecode.c.h; path = "NSObject+MJProperty.h"; sourceTree = "<group>"; };
		774DF4E51E0D04C300621AC7 /* NSObject+MJProperty.m */ = {isa = PBXFileReference; fileEncoding = 4; lastKnownFileType = sourcecode.c.objc; path = "NSObject+MJProperty.m"; sourceTree = "<group>"; };
		774DF4E61E0D04C300621AC7 /* NSString+MJExtension.h */ = {isa = PBXFileReference; fileEncoding = 4; lastKnownFileType = sourcecode.c.h; path = "NSString+MJExtension.h"; sourceTree = "<group>"; };
		774DF4E71E0D04C300621AC7 /* NSString+MJExtension.m */ = {isa = PBXFileReference; fileEncoding = 4; lastKnownFileType = sourcecode.c.objc; path = "NSString+MJExtension.m"; sourceTree = "<group>"; };
		77756B431E0DF052006F5938 /* public_timeline.json */ = {isa = PBXFileReference; fileEncoding = 4; lastKnownFileType = text.json; path = public_timeline.json; sourceTree = "<group>"; };
		9AE364F48765B353E3F4DFB7 /* Pods-iOSExample.debug.xcconfig */ = {isa = PBXFileReference; includeInIndex = 1; lastKnownFileType = text.xcconfig; name = "Pods-iOSExample.debug.xcconfig"; path = "../Pods/Target Support Files/Pods-iOSExample/Pods-iOSExample.debug.xcconfig"; sourceTree = "<group>"; };
		A92AA93A1E08B57600B4579F /* MainViewController.h */ = {isa = PBXFileReference; fileEncoding = 4; lastKnownFileType = sourcecode.c.h; path = MainViewController.h; sourceTree = "<group>"; };
		A92AA93B1E08B57600B4579F /* MainViewController.m */ = {isa = PBXFileReference; fileEncoding = 4; lastKnownFileType = sourcecode.c.objc; path = MainViewController.m; sourceTree = "<group>"; };
		A92AA94E1E08D24E00B4579F /* WeiboViewModel.h */ = {isa = PBXFileReference; fileEncoding = 4; lastKnownFileType = sourcecode.c.h; path = WeiboViewModel.h; sourceTree = "<group>"; };
		A92AA94F1E08D24E00B4579F /* WeiboViewModel.m */ = {isa = PBXFileReference; fileEncoding = 4; lastKnownFileType = sourcecode.c.objc; path = WeiboViewModel.m; sourceTree = "<group>"; };
		A92AA9521E08D40E00B4579F /* QuartzCore.framework */ = {isa = PBXFileReference; lastKnownFileType = wrapper.framework; name = QuartzCore.framework; path = System/Library/Frameworks/QuartzCore.framework; sourceTree = SDKROOT; };
		A92AA9541E08D41400B4579F /* ImageIO.framework */ = {isa = PBXFileReference; lastKnownFileType = wrapper.framework; name = ImageIO.framework; path = System/Library/Frameworks/ImageIO.framework; sourceTree = SDKROOT; };
		A92AA9561E08D41C00B4579F /* SystemConfiguration.framework */ = {isa = PBXFileReference; lastKnownFileType = wrapper.framework; name = SystemConfiguration.framework; path = System/Library/Frameworks/SystemConfiguration.framework; sourceTree = SDKROOT; };
		A92AA9581E08D42600B4579F /* Security.framework */ = {isa = PBXFileReference; lastKnownFileType = wrapper.framework; name = Security.framework; path = System/Library/Frameworks/Security.framework; sourceTree = SDKROOT; };
		A92AA95A1E08D42D00B4579F /* CoreTelephony.framework */ = {isa = PBXFileReference; lastKnownFileType = wrapper.framework; name = CoreTelephony.framework; path = System/Library/Frameworks/CoreTelephony.framework; sourceTree = SDKROOT; };
		A92AA95C1E08D43300B4579F /* CoreText.framework */ = {isa = PBXFileReference; lastKnownFileType = wrapper.framework; name = CoreText.framework; path = System/Library/Frameworks/CoreText.framework; sourceTree = SDKROOT; };
		A92AA95E1E08D43C00B4579F /* UIKit.framework */ = {isa = PBXFileReference; lastKnownFileType = wrapper.framework; name = UIKit.framework; path = System/Library/Frameworks/UIKit.framework; sourceTree = SDKROOT; };
		A92AA9601E08D44400B4579F /* CoreGraphics.framework */ = {isa = PBXFileReference; lastKnownFileType = wrapper.framework; name = CoreGraphics.framework; path = System/Library/Frameworks/CoreGraphics.framework; sourceTree = SDKROOT; };
		A92AA9621E08D44A00B4579F /* libz.tbd */ = {isa = PBXFileReference; lastKnownFileType = "sourcecode.text-based-dylib-definition"; name = libz.tbd; path = usr/lib/libz.tbd; sourceTree = SDKROOT; };
		A92AA9641E08D45100B4579F /* libsqlite3.tbd */ = {isa = PBXFileReference; lastKnownFileType = "sourcecode.text-based-dylib-definition"; name = libsqlite3.tbd; path = usr/lib/libsqlite3.tbd; sourceTree = SDKROOT; };
		A92AA9661E08E08000B4579F /* WeiboRequest.h */ = {isa = PBXFileReference; fileEncoding = 4; lastKnownFileType = sourcecode.c.h; path = WeiboRequest.h; sourceTree = "<group>"; };
		A92AA9671E08E08000B4579F /* WeiboRequest.m */ = {isa = PBXFileReference; fileEncoding = 4; lastKnownFileType = sourcecode.c.objc; path = WeiboRequest.m; sourceTree = "<group>"; };
		A92AA9701E08E3CC00B4579F /* WeiboModel.h */ = {isa = PBXFileReference; fileEncoding = 4; lastKnownFileType = sourcecode.c.h; path = WeiboModel.h; sourceTree = "<group>"; };
		A92AA9711E08E3CC00B4579F /* WeiboModel.m */ = {isa = PBXFileReference; fileEncoding = 4; lastKnownFileType = sourcecode.c.objc; path = WeiboModel.m; sourceTree = "<group>"; };
		A92AA9741E08E3E500B4579F /* StatuseModel.h */ = {isa = PBXFileReference; fileEncoding = 4; lastKnownFileType = sourcecode.c.h; path = StatuseModel.h; sourceTree = "<group>"; };
		A92AA9751E08E3E500B4579F /* StatuseModel.m */ = {isa = PBXFileReference; fileEncoding = 4; lastKnownFileType = sourcecode.c.objc; path = StatuseModel.m; sourceTree = "<group>"; };
		A92AA9771E08EEF400B4579F /* UserModel.h */ = {isa = PBXFileReference; fileEncoding = 4; lastKnownFileType = sourcecode.c.h; path = UserModel.h; sourceTree = "<group>"; };
		A92AA9781E08EEF400B4579F /* UserModel.m */ = {isa = PBXFileReference; fileEncoding = 4; lastKnownFileType = sourcecode.c.objc; path = UserModel.m; sourceTree = "<group>"; };
		A92AA97D1E0A534C00B4579F /* UIViewExt.h */ = {isa = PBXFileReference; fileEncoding = 4; lastKnownFileType = sourcecode.c.h; path = UIViewExt.h; sourceTree = "<group>"; };
		A92AA97E1E0A534C00B4579F /* UIViewExt.m */ = {isa = PBXFileReference; fileEncoding = 4; lastKnownFileType = sourcecode.c.objc; path = UIViewExt.m; sourceTree = "<group>"; };
		A92AA9811E0A55C100B4579F /* WeiboContentCell.h */ = {isa = PBXFileReference; fileEncoding = 4; lastKnownFileType = sourcecode.c.h; path = WeiboContentCell.h; sourceTree = "<group>"; };
		A92AA9821E0A55C100B4579F /* WeiboContentCell.m */ = {isa = PBXFileReference; fileEncoding = 4; lastKnownFileType = sourcecode.c.objc; path = WeiboContentCell.m; sourceTree = "<group>"; };
		A92AA9841E0B571500B4579F /* LoadingView.h */ = {isa = PBXFileReference; fileEncoding = 4; lastKnownFileType = sourcecode.c.h; path = LoadingView.h; sourceTree = "<group>"; };
		A92AA9851E0B571500B4579F /* LoadingView.m */ = {isa = PBXFileReference; fileEncoding = 4; lastKnownFileType = sourcecode.c.objc; path = LoadingView.m; sourceTree = "<group>"; };
		A9F9A00B1E08B06C00E22FE7 /* iOSExample.app */ = {isa = PBXFileReference; explicitFileType = wrapper.application; includeInIndex = 0; path = iOSExample.app; sourceTree = BUILT_PRODUCTS_DIR; };
		A9F9A00F1E08B06C00E22FE7 /* main.m */ = {isa = PBXFileReference; lastKnownFileType = sourcecode.c.objc; path = main.m; sourceTree = "<group>"; };
		A9F9A0111E08B06C00E22FE7 /* AppDelegate.h */ = {isa = PBXFileReference; lastKnownFileType = sourcecode.c.h; path = AppDelegate.h; sourceTree = "<group>"; };
		A9F9A0121E08B06C00E22FE7 /* AppDelegate.m */ = {isa = PBXFileReference; lastKnownFileType = sourcecode.c.objc; path = AppDelegate.m; sourceTree = "<group>"; };
		A9F9A0181E08B06C00E22FE7 /* Base */ = {isa = PBXFileReference; lastKnownFileType = file.storyboard; name = Base; path = Base.lproj/Main.storyboard; sourceTree = "<group>"; };
		A9F9A01A1E08B06C00E22FE7 /* Assets.xcassets */ = {isa = PBXFileReference; lastKnownFileType = folder.assetcatalog; path = Assets.xcassets; sourceTree = "<group>"; };
		A9F9A01D1E08B06C00E22FE7 /* Base */ = {isa = PBXFileReference; lastKnownFileType = file.storyboard; name = Base; path = Base.lproj/LaunchScreen.storyboard; sourceTree = "<group>"; };
		A9F9A01F1E08B06C00E22FE7 /* Info.plist */ = {isa = PBXFileReference; lastKnownFileType = text.plist.xml; path = Info.plist; sourceTree = "<group>"; };
		A9F9A0241E08B06D00E22FE7 /* iOSExampleTests.xctest */ = {isa = PBXFileReference; explicitFileType = wrapper.cfbundle; includeInIndex = 0; path = iOSExampleTests.xctest; sourceTree = BUILT_PRODUCTS_DIR; };
		A9F9A0281E08B06D00E22FE7 /* iOSExampleTests.m */ = {isa = PBXFileReference; lastKnownFileType = sourcecode.c.objc; path = iOSExampleTests.m; sourceTree = "<group>"; };
		A9F9A02A1E08B06D00E22FE7 /* Info.plist */ = {isa = PBXFileReference; lastKnownFileType = text.plist.xml; path = Info.plist; sourceTree = "<group>"; };
		A9F9A0341E08B1C800E22FE7 /* HomeTimelineController.h */ = {isa = PBXFileReference; fileEncoding = 4; lastKnownFileType = sourcecode.c.h; path = HomeTimelineController.h; sourceTree = "<group>"; };
		A9F9A0351E08B1C800E22FE7 /* HomeTimelineController.m */ = {isa = PBXFileReference; fileEncoding = 4; lastKnownFileType = sourcecode.c.objc; path = HomeTimelineController.m; sourceTree = "<group>"; };
		C59F40EA1F836C1B00A5801C /* MCJSONKit.framework */ = {isa = PBXFileReference; lastKnownFileType = wrapper.framework; name = MCJSONKit.framework; path = "../../../../Library/Developer/Xcode/DerivedData/iOSExample-csfpfcaewjltrfehgovmfcowzskj/Build/Products/Debug-iphonesimulator/MCJSONKit.framework"; sourceTree = "<group>"; };
		D22FB32B1E1CF743001194A3 /* AssetsLibrary.framework */ = {isa = PBXFileReference; lastKnownFileType = wrapper.framework; name = AssetsLibrary.framework; path = System/Library/Frameworks/AssetsLibrary.framework; sourceTree = SDKROOT; };
		D22FB32D1E1CF74E001194A3 /* MediaPlayer.framework */ = {isa = PBXFileReference; lastKnownFileType = wrapper.framework; name = MediaPlayer.framework; path = System/Library/Frameworks/MediaPlayer.framework; sourceTree = SDKROOT; };
		D22FB32F1E1CF75D001194A3 /* Photos.framework */ = {isa = PBXFileReference; lastKnownFileType = wrapper.framework; name = Photos.framework; path = System/Library/Frameworks/Photos.framework; sourceTree = SDKROOT; };
		D22FB3331E1CFCB6001194A3 /* Foundation.framework */ = {isa = PBXFileReference; lastKnownFileType = wrapper.framework; name = Foundation.framework; path = System/Library/Frameworks/Foundation.framework; sourceTree = SDKROOT; };
		D8FFD1EE7AB802D9291C2CA2 /* Pods-iOSExample.release.xcconfig */ = {isa = PBXFileReference; includeInIndex = 1; lastKnownFileType = text.xcconfig; name = "Pods-iOSExample.release.xcconfig"; path = "../Pods/Target Support Files/Pods-iOSExample/Pods-iOSExample.release.xcconfig"; sourceTree = "<group>"; };
		EF4EE0121E5DCA1300E4565A /* ProfileViewController.h */ = {isa = PBXFileReference; fileEncoding = 4; lastKnownFileType = sourcecode.c.h; path = ProfileViewController.h; sourceTree = "<group>"; };
		EF4EE0131E5DCA1300E4565A /* ProfileViewController.m */ = {isa = PBXFileReference; fileEncoding = 4; lastKnownFileType = sourcecode.c.objc; path = ProfileViewController.m; sourceTree = "<group>"; };
		EF4EE0141E5DCA1300E4565A /* ProfileViewController.xib */ = {isa = PBXFileReference; fileEncoding = 4; lastKnownFileType = file.xib; path = ProfileViewController.xib; sourceTree = "<group>"; };
		EF4EE0171E5DCB6100E4565A /* ProfileTableViewCell.h */ = {isa = PBXFileReference; fileEncoding = 4; lastKnownFileType = sourcecode.c.h; path = ProfileTableViewCell.h; sourceTree = "<group>"; };
		EF4EE0181E5DCB6100E4565A /* ProfileTableViewCell.m */ = {isa = PBXFileReference; fileEncoding = 4; lastKnownFileType = sourcecode.c.objc; path = ProfileTableViewCell.m; sourceTree = "<group>"; };
		EF4EE0191E5DCB6100E4565A /* ProfileTableViewCell.xib */ = {isa = PBXFileReference; fileEncoding = 4; lastKnownFileType = file.xib; path = ProfileTableViewCell.xib; sourceTree = "<group>"; };
/* End PBXFileReference section */

/* Begin PBXFrameworksBuildPhase section */
		A9F9A0081E08B06C00E22FE7 /* Frameworks */ = {
			isa = PBXFrameworksBuildPhase;
			buildActionMask = 2147483647;
			files = (
				C59F40EB1F836C1B00A5801C /* MCJSONKit.framework in Frameworks */,
				D22FB3341E1CFCB6001194A3 /* Foundation.framework in Frameworks */,
				D22FB3301E1CF75D001194A3 /* Photos.framework in Frameworks */,
				D22FB32E1E1CF74E001194A3 /* MediaPlayer.framework in Frameworks */,
				D22FB32C1E1CF743001194A3 /* AssetsLibrary.framework in Frameworks */,
				A92AA9651E08D45100B4579F /* libsqlite3.tbd in Frameworks */,
				A92AA9631E08D44A00B4579F /* libz.tbd in Frameworks */,
				A92AA9611E08D44400B4579F /* CoreGraphics.framework in Frameworks */,
				A92AA95F1E08D43C00B4579F /* UIKit.framework in Frameworks */,
				A92AA95D1E08D43300B4579F /* CoreText.framework in Frameworks */,
				A92AA95B1E08D42D00B4579F /* CoreTelephony.framework in Frameworks */,
				A92AA9591E08D42600B4579F /* Security.framework in Frameworks */,
				A92AA9571E08D41C00B4579F /* SystemConfiguration.framework in Frameworks */,
				A92AA9551E08D41400B4579F /* ImageIO.framework in Frameworks */,
				A92AA9531E08D40E00B4579F /* QuartzCore.framework in Frameworks */,
				6445C3E9A768C6844103543B /* libPods-iOSExample.a in Frameworks */,
			);
			runOnlyForDeploymentPostprocessing = 0;
		};
		A9F9A0211E08B06D00E22FE7 /* Frameworks */ = {
			isa = PBXFrameworksBuildPhase;
			buildActionMask = 2147483647;
			files = (
			);
			runOnlyForDeploymentPostprocessing = 0;
		};
/* End PBXFrameworksBuildPhase section */

/* Begin PBXGroup section */
		087147D2743EC369F83E76FE /* Pods */ = {
			isa = PBXGroup;
			children = (
				9AE364F48765B353E3F4DFB7 /* Pods-iOSExample.debug.xcconfig */,
				D8FFD1EE7AB802D9291C2CA2 /* Pods-iOSExample.release.xcconfig */,
			);
			name = Pods;
			sourceTree = "<group>";
		};
		774DF4D11E0D04C300621AC7 /* MJExtension */ = {
			isa = PBXGroup;
			children = (
				774DF4D21E0D04C300621AC7 /* Info.plist */,
				774DF4D31E0D04C300621AC7 /* MJExtension.h */,
				774DF4D41E0D04C300621AC7 /* MJExtensionConst.h */,
				774DF4D51E0D04C300621AC7 /* MJExtensionConst.m */,
				774DF4D61E0D04C300621AC7 /* MJFoundation.h */,
				774DF4D71E0D04C300621AC7 /* MJFoundation.m */,
				774DF4D81E0D04C300621AC7 /* MJProperty.h */,
				774DF4D91E0D04C300621AC7 /* MJProperty.m */,
				774DF4DA1E0D04C300621AC7 /* MJPropertyKey.h */,
				774DF4DB1E0D04C300621AC7 /* MJPropertyKey.m */,
				774DF4DC1E0D04C300621AC7 /* MJPropertyType.h */,
				774DF4DD1E0D04C300621AC7 /* MJPropertyType.m */,
				774DF4DE1E0D04C300621AC7 /* NSObject+MJClass.h */,
				774DF4DF1E0D04C300621AC7 /* NSObject+MJClass.m */,
				774DF4E01E0D04C300621AC7 /* NSObject+MJCoding.h */,
				774DF4E11E0D04C300621AC7 /* NSObject+MJCoding.m */,
				774DF4E21E0D04C300621AC7 /* NSObject+MJKeyValue.h */,
				774DF4E31E0D04C300621AC7 /* NSObject+MJKeyValue.m */,
				774DF4E41E0D04C300621AC7 /* NSObject+MJProperty.h */,
				774DF4E51E0D04C300621AC7 /* NSObject+MJProperty.m */,
				774DF4E61E0D04C300621AC7 /* NSString+MJExtension.h */,
				774DF4E71E0D04C300621AC7 /* NSString+MJExtension.m */,
			);
			path = MJExtension;
			sourceTree = "<group>";
		};
		A92AA94D1E08D22F00B4579F /* ViewModel */ = {
			isa = PBXGroup;
			children = (
				A92AA94E1E08D24E00B4579F /* WeiboViewModel.h */,
				A92AA94F1E08D24E00B4579F /* WeiboViewModel.m */,
				A92AA9661E08E08000B4579F /* WeiboRequest.h */,
				A92AA9671E08E08000B4579F /* WeiboRequest.m */,
			);
			name = ViewModel;
			sourceTree = "<group>";
		};
		A92AA9511E08D40D00B4579F /* Frameworks */ = {
			isa = PBXGroup;
			children = (
				C59F40EA1F836C1B00A5801C /* MCJSONKit.framework */,
				D22FB3331E1CFCB6001194A3 /* Foundation.framework */,
				D22FB32F1E1CF75D001194A3 /* Photos.framework */,
				D22FB32D1E1CF74E001194A3 /* MediaPlayer.framework */,
				D22FB32B1E1CF743001194A3 /* AssetsLibrary.framework */,
				A92AA9641E08D45100B4579F /* libsqlite3.tbd */,
				A92AA9621E08D44A00B4579F /* libz.tbd */,
				A92AA9601E08D44400B4579F /* CoreGraphics.framework */,
				A92AA95E1E08D43C00B4579F /* UIKit.framework */,
				A92AA95C1E08D43300B4579F /* CoreText.framework */,
				A92AA95A1E08D42D00B4579F /* CoreTelephony.framework */,
				A92AA9581E08D42600B4579F /* Security.framework */,
				A92AA9561E08D41C00B4579F /* SystemConfiguration.framework */,
				A92AA9541E08D41400B4579F /* ImageIO.framework */,
				A92AA9521E08D40E00B4579F /* QuartzCore.framework */,
				20A1D98A497DDD701351126F /* libPods-iOSExample.a */,
			);
			name = Frameworks;
			sourceTree = "<group>";
		};
		A92AA9731E08E3D100B4579F /* Models */ = {
			isa = PBXGroup;
			children = (
				2446FAE31E7B2DFD00E46A7D /* WBUser.h */,
				2446FAE41E7B2DFD00E46A7D /* WBUser.m */,
				A92AA9771E08EEF400B4579F /* UserModel.h */,
				A92AA9781E08EEF400B4579F /* UserModel.m */,
				A92AA9701E08E3CC00B4579F /* WeiboModel.h */,
				A92AA9711E08E3CC00B4579F /* WeiboModel.m */,
				A92AA9741E08E3E500B4579F /* StatuseModel.h */,
				A92AA9751E08E3E500B4579F /* StatuseModel.m */,
			);
			name = Models;
			sourceTree = "<group>";
		};
		A92AA9801E0A55A000B4579F /* Views */ = {
			isa = PBXGroup;
			children = (
				A92AA9811E0A55C100B4579F /* WeiboContentCell.h */,
				A92AA9821E0A55C100B4579F /* WeiboContentCell.m */,
				A92AA9841E0B571500B4579F /* LoadingView.h */,
				A92AA9851E0B571500B4579F /* LoadingView.m */,
				EF4EE0171E5DCB6100E4565A /* ProfileTableViewCell.h */,
				EF4EE0181E5DCB6100E4565A /* ProfileTableViewCell.m */,
				EF4EE0191E5DCB6100E4565A /* ProfileTableViewCell.xib */,
			);
			name = Views;
			sourceTree = "<group>";
		};
		A9F9A0021E08B06C00E22FE7 = {
			isa = PBXGroup;
			children = (
				A9F9A00D1E08B06C00E22FE7 /* iOSExample */,
				A9F9A0271E08B06D00E22FE7 /* iOSExampleTests */,
				A9F9A00C1E08B06C00E22FE7 /* Products */,
				A92AA9511E08D40D00B4579F /* Frameworks */,
				087147D2743EC369F83E76FE /* Pods */,
			);
			sourceTree = "<group>";
		};
		A9F9A00C1E08B06C00E22FE7 /* Products */ = {
			isa = PBXGroup;
			children = (
				A9F9A00B1E08B06C00E22FE7 /* iOSExample.app */,
				A9F9A0241E08B06D00E22FE7 /* iOSExampleTests.xctest */,
			);
			name = Products;
			sourceTree = "<group>";
		};
		A9F9A00D1E08B06C00E22FE7 /* iOSExample */ = {
			isa = PBXGroup;
			children = (
				A92AA97D1E0A534C00B4579F /* UIViewExt.h */,
				A92AA97E1E0A534C00B4579F /* UIViewExt.m */,
				24D2960F1E7E806500F84C23 /* JSObject.h */,
				24D296101E7E806500F84C23 /* JSObject.m */,
				774DF4D11E0D04C300621AC7 /* MJExtension */,
				A9F9A0331E08B0C600E22FE7 /* Weibo */,
				A9F9A0111E08B06C00E22FE7 /* AppDelegate.h */,
				A9F9A0121E08B06C00E22FE7 /* AppDelegate.m */,
				A92AA93A1E08B57600B4579F /* MainViewController.h */,
				A92AA93B1E08B57600B4579F /* MainViewController.m */,
				A9F9A0171E08B06C00E22FE7 /* Main.storyboard */,
				A9F9A01A1E08B06C00E22FE7 /* Assets.xcassets */,
				A9F9A01C1E08B06C00E22FE7 /* LaunchScreen.storyboard */,
				A9F9A01F1E08B06C00E22FE7 /* Info.plist */,
				A9F9A00E1E08B06C00E22FE7 /* Supporting Files */,
			);
			path = iOSExample;
			sourceTree = "<group>";
		};
		A9F9A00E1E08B06C00E22FE7 /* Supporting Files */ = {
			isa = PBXGroup;
			children = (
				A9F9A00F1E08B06C00E22FE7 /* main.m */,
				77756B431E0DF052006F5938 /* public_timeline.json */,
				2446FAE61E7B2E9E00E46A7D /* PrefixHeader.pch */,
			);
			name = "Supporting Files";
			sourceTree = "<group>";
		};
		A9F9A0271E08B06D00E22FE7 /* iOSExampleTests */ = {
			isa = PBXGroup;
			children = (
				248F294F1EBDBE8E0029852E /* simple.json */,
				A9F9A0281E08B06D00E22FE7 /* iOSExampleTests.m */,
				A9F9A02A1E08B06D00E22FE7 /* Info.plist */,
				248F29511EBDBEC70029852E /* SimpleModel.h */,
				248F29521EBDBEC70029852E /* SimpleModel.m */,
			);
			path = iOSExampleTests;
			sourceTree = "<group>";
		};
		A9F9A0331E08B0C600E22FE7 /* Weibo */ = {
			isa = PBXGroup;
			children = (
				A9F9A0371E08B1CF00E22FE7 /* Controllers */,
				A92AA9801E0A55A000B4579F /* Views */,
				A92AA94D1E08D22F00B4579F /* ViewModel */,
				A92AA9731E08E3D100B4579F /* Models */,
			);
			path = Weibo;
			sourceTree = "<group>";
		};
		A9F9A0371E08B1CF00E22FE7 /* Controllers */ = {
			isa = PBXGroup;
			children = (
				A9F9A0341E08B1C800E22FE7 /* HomeTimelineController.h */,
				A9F9A0351E08B1C800E22FE7 /* HomeTimelineController.m */,
				EF4EE0121E5DCA1300E4565A /* ProfileViewController.h */,
				EF4EE0131E5DCA1300E4565A /* ProfileViewController.m */,
				EF4EE0141E5DCA1300E4565A /* ProfileViewController.xib */,
			);
			name = Controllers;
			sourceTree = "<group>";
		};
/* End PBXGroup section */

/* Begin PBXNativeTarget section */
		A9F9A00A1E08B06C00E22FE7 /* iOSExample */ = {
			isa = PBXNativeTarget;
			buildConfigurationList = A9F9A02D1E08B06D00E22FE7 /* Build configuration list for PBXNativeTarget "iOSExample" */;
			buildPhases = (
				CEC6810C3EBF8ACAB1ECC3E3 /* [CP] Check Pods Manifest.lock */,
				A9F9A0071E08B06C00E22FE7 /* Sources */,
				A9F9A0081E08B06C00E22FE7 /* Frameworks */,
				A9F9A0091E08B06C00E22FE7 /* Resources */,
				C9E499A673B9D358296F5D22 /* [CP] Embed Pods Frameworks */,
				D842616FFAB82BC9D10D7C88 /* [CP] Copy Pods Resources */,
			);
			buildRules = (
			);
			dependencies = (
			);
			name = iOSExample;
			productName = iOSExample;
			productReference = A9F9A00B1E08B06C00E22FE7 /* iOSExample.app */;
			productType = "com.apple.product-type.application";
		};
		A9F9A0231E08B06D00E22FE7 /* iOSExampleTests */ = {
			isa = PBXNativeTarget;
			buildConfigurationList = A9F9A0301E08B06D00E22FE7 /* Build configuration list for PBXNativeTarget "iOSExampleTests" */;
			buildPhases = (
				A9F9A0201E08B06D00E22FE7 /* Sources */,
				A9F9A0211E08B06D00E22FE7 /* Frameworks */,
				A9F9A0221E08B06D00E22FE7 /* Resources */,
			);
			buildRules = (
			);
			dependencies = (
				A9F9A0261E08B06D00E22FE7 /* PBXTargetDependency */,
			);
			name = iOSExampleTests;
			productName = iOSExampleTests;
			productReference = A9F9A0241E08B06D00E22FE7 /* iOSExampleTests.xctest */;
			productType = "com.apple.product-type.bundle.unit-test";
		};
/* End PBXNativeTarget section */

/* Begin PBXProject section */
		A9F9A0031E08B06C00E22FE7 /* Project object */ = {
			isa = PBXProject;
			attributes = {
				CLASSPREFIX = MC;
				LastUpgradeCheck = 0820;
				ORGANIZATIONNAME = maintoco;
				TargetAttributes = {
					A9F9A00A1E08B06C00E22FE7 = {
						CreatedOnToolsVersion = 8.0;
						DevelopmentTeam = 9V4T4T8D8H;
						ProvisioningStyle = Automatic;
					};
					A9F9A0231E08B06D00E22FE7 = {
						CreatedOnToolsVersion = 8.0;
						ProvisioningStyle = Automatic;
						TestTargetID = A9F9A00A1E08B06C00E22FE7;
					};
				};
			};
			buildConfigurationList = A9F9A0061E08B06C00E22FE7 /* Build configuration list for PBXProject "iOSExample" */;
			compatibilityVersion = "Xcode 3.2";
			developmentRegion = English;
			hasScannedForEncodings = 0;
			knownRegions = (
				en,
				Base,
			);
			mainGroup = A9F9A0021E08B06C00E22FE7;
			productRefGroup = A9F9A00C1E08B06C00E22FE7 /* Products */;
			projectDirPath = "";
			projectRoot = "";
			targets = (
				A9F9A00A1E08B06C00E22FE7 /* iOSExample */,
				A9F9A0231E08B06D00E22FE7 /* iOSExampleTests */,
			);
		};
/* End PBXProject section */

/* Begin PBXResourcesBuildPhase section */
		A9F9A0091E08B06C00E22FE7 /* Resources */ = {
			isa = PBXResourcesBuildPhase;
			buildActionMask = 2147483647;
			files = (
				EF4EE0161E5DCA1300E4565A /* ProfileViewController.xib in Resources */,
				A9F9A01E1E08B06C00E22FE7 /* LaunchScreen.storyboard in Resources */,
				A9F9A01B1E08B06C00E22FE7 /* Assets.xcassets in Resources */,
				EF4EE01B1E5DCB6100E4565A /* ProfileTableViewCell.xib in Resources */,
				77756B441E0DF052006F5938 /* public_timeline.json in Resources */,
				248F29541EBDBFD60029852E /* simple.json in Resources */,
				A9F9A0191E08B06C00E22FE7 /* Main.storyboard in Resources */,
				774DF4E81E0D04C300621AC7 /* Info.plist in Resources */,
			);
			runOnlyForDeploymentPostprocessing = 0;
		};
		A9F9A0221E08B06D00E22FE7 /* Resources */ = {
			isa = PBXResourcesBuildPhase;
			buildActionMask = 2147483647;
			files = (
			);
			runOnlyForDeploymentPostprocessing = 0;
		};
/* End PBXResourcesBuildPhase section */

/* Begin PBXShellScriptBuildPhase section */
		C9E499A673B9D358296F5D22 /* [CP] Embed Pods Frameworks */ = {
			isa = PBXShellScriptBuildPhase;
			buildActionMask = 2147483647;
			files = (
			);
			inputPaths = (
			);
			name = "[CP] Embed Pods Frameworks";
			outputPaths = (
			);
			runOnlyForDeploymentPostprocessing = 0;
			shellPath = /bin/sh;
			shellScript = "\"${SRCROOT}/../Pods/Target Support Files/Pods-iOSExample/Pods-iOSExample-frameworks.sh\"\n";
			showEnvVarsInLog = 0;
		};
		CEC6810C3EBF8ACAB1ECC3E3 /* [CP] Check Pods Manifest.lock */ = {
			isa = PBXShellScriptBuildPhase;
			buildActionMask = 2147483647;
			files = (
			);
			inputPaths = (
				"${PODS_PODFILE_DIR_PATH}/Podfile.lock",
				"${PODS_ROOT}/Manifest.lock",
			);
			name = "[CP] Check Pods Manifest.lock";
			outputPaths = (
				"$(DERIVED_FILE_DIR)/Pods-iOSExample-checkManifestLockResult.txt",
			);
			runOnlyForDeploymentPostprocessing = 0;
			shellPath = /bin/sh;
			shellScript = "diff \"${PODS_PODFILE_DIR_PATH}/Podfile.lock\" \"${PODS_ROOT}/Manifest.lock\" > /dev/null\nif [ $? != 0 ] ; then\n    # print error to STDERR\n    echo \"error: The sandbox is not in sync with the Podfile.lock. Run 'pod install' or update your CocoaPods installation.\" >&2\n    exit 1\nfi\n# This output is used by Xcode 'outputs' to avoid re-running this script phase.\necho \"SUCCESS\" > \"${SCRIPT_OUTPUT_FILE_0}\"\n";
			showEnvVarsInLog = 0;
		};
		D842616FFAB82BC9D10D7C88 /* [CP] Copy Pods Resources */ = {
			isa = PBXShellScriptBuildPhase;
			buildActionMask = 2147483647;
			files = (
			);
			inputPaths = (
				"${SRCROOT}/../Pods/Target Support Files/Pods-iOSExample/Pods-iOSExample-resources.sh",
				$PODS_CONFIGURATION_BUILD_DIR/MWPhotoBrowser/MWPhotoBrowser.bundle,
				"${PODS_ROOT}/WeiboSDK/libWeiboSDK/WeiboSDK.bundle",
			);
			name = "[CP] Copy Pods Resources";
			outputPaths = (
				"${TARGET_BUILD_DIR}/${UNLOCALIZED_RESOURCES_FOLDER_PATH}",
			);
			runOnlyForDeploymentPostprocessing = 0;
			shellPath = /bin/sh;
			shellScript = "\"${SRCROOT}/../Pods/Target Support Files/Pods-iOSExample/Pods-iOSExample-resources.sh\"\n";
			showEnvVarsInLog = 0;
		};
/* End PBXShellScriptBuildPhase section */

/* Begin PBXSourcesBuildPhase section */
		A9F9A0071E08B06C00E22FE7 /* Sources */ = {
			isa = PBXSourcesBuildPhase;
			buildActionMask = 2147483647;
			files = (
				774DF4F01E0D04C300621AC7 /* NSObject+MJKeyValue.m in Sources */,
				A92AA9861E0B571500B4579F /* LoadingView.m in Sources */,
				A92AA9791E08EEF400B4579F /* UserModel.m in Sources */,
				A92AA9721E08E3CC00B4579F /* WeiboModel.m in Sources */,
				774DF4ED1E0D04C300621AC7 /* MJPropertyType.m in Sources */,
				774DF4F11E0D04C300621AC7 /* NSObject+MJProperty.m in Sources */,
				2446FAE51E7B2DFD00E46A7D /* WBUser.m in Sources */,
				774DF4EF1E0D04C300621AC7 /* NSObject+MJCoding.m in Sources */,
				A92AA9831E0A55C100B4579F /* WeiboContentCell.m in Sources */,
				A9F9A0131E08B06C00E22FE7 /* AppDelegate.m in Sources */,
				A9F9A0101E08B06C00E22FE7 /* main.m in Sources */,
				774DF4EC1E0D04C300621AC7 /* MJPropertyKey.m in Sources */,
				774DF4E91E0D04C300621AC7 /* MJExtensionConst.m in Sources */,
				24D296111E7E806500F84C23 /* JSObject.m in Sources */,
				A9F9A0361E08B1C800E22FE7 /* HomeTimelineController.m in Sources */,
				774DF4EE1E0D04C300621AC7 /* NSObject+MJClass.m in Sources */,
				248F29551EBDD5450029852E /* SimpleModel.m in Sources */,
				A92AA9501E08D24E00B4579F /* WeiboViewModel.m in Sources */,
				A92AA97F1E0A534C00B4579F /* UIViewExt.m in Sources */,
				774DF4EB1E0D04C300621AC7 /* MJProperty.m in Sources */,
				A92AA9761E08E3E500B4579F /* StatuseModel.m in Sources */,
				A92AA9681E08E08000B4579F /* WeiboRequest.m in Sources */,
				EF4EE0151E5DCA1300E4565A /* ProfileViewController.m in Sources */,
				A92AA93C1E08B57600B4579F /* MainViewController.m in Sources */,
				EF4EE01A1E5DCB6100E4565A /* ProfileTableViewCell.m in Sources */,
				774DF4F21E0D04C300621AC7 /* NSString+MJExtension.m in Sources */,
				774DF4EA1E0D04C300621AC7 /* MJFoundation.m in Sources */,
			);
			runOnlyForDeploymentPostprocessing = 0;
		};
		A9F9A0201E08B06D00E22FE7 /* Sources */ = {
			isa = PBXSourcesBuildPhase;
			buildActionMask = 2147483647;
			files = (
				A9F9A0291E08B06D00E22FE7 /* iOSExampleTests.m in Sources */,
				248F29531EBDBEC70029852E /* SimpleModel.m in Sources */,
			);
			runOnlyForDeploymentPostprocessing = 0;
		};
/* End PBXSourcesBuildPhase section */

/* Begin PBXTargetDependency section */
		A9F9A0261E08B06D00E22FE7 /* PBXTargetDependency */ = {
			isa = PBXTargetDependency;
			target = A9F9A00A1E08B06C00E22FE7 /* iOSExample */;
			targetProxy = A9F9A0251E08B06D00E22FE7 /* PBXContainerItemProxy */;
		};
/* End PBXTargetDependency section */

/* Begin PBXVariantGroup section */
		A9F9A0171E08B06C00E22FE7 /* Main.storyboard */ = {
			isa = PBXVariantGroup;
			children = (
				A9F9A0181E08B06C00E22FE7 /* Base */,
			);
			name = Main.storyboard;
			sourceTree = "<group>";
		};
		A9F9A01C1E08B06C00E22FE7 /* LaunchScreen.storyboard */ = {
			isa = PBXVariantGroup;
			children = (
				A9F9A01D1E08B06C00E22FE7 /* Base */,
			);
			name = LaunchScreen.storyboard;
			sourceTree = "<group>";
		};
/* End PBXVariantGroup section */

/* Begin XCBuildConfiguration section */
		A9F9A02B1E08B06D00E22FE7 /* Debug */ = {
			isa = XCBuildConfiguration;
			buildSettings = {
				ALWAYS_SEARCH_USER_PATHS = NO;
				CLANG_ANALYZER_NONNULL = YES;
				CLANG_CXX_LANGUAGE_STANDARD = "gnu++0x";
				CLANG_CXX_LIBRARY = "libc++";
				CLANG_ENABLE_MODULES = YES;
				CLANG_ENABLE_OBJC_ARC = YES;
				CLANG_WARN_BOOL_CONVERSION = YES;
				CLANG_WARN_CONSTANT_CONVERSION = YES;
				CLANG_WARN_DIRECT_OBJC_ISA_USAGE = YES_ERROR;
				CLANG_WARN_DOCUMENTATION_COMMENTS = YES;
				CLANG_WARN_EMPTY_BODY = YES;
				CLANG_WARN_ENUM_CONVERSION = YES;
				CLANG_WARN_INFINITE_RECURSION = YES;
				CLANG_WARN_INT_CONVERSION = YES;
				CLANG_WARN_OBJC_ROOT_CLASS = YES_ERROR;
				CLANG_WARN_SUSPICIOUS_MOVE = YES;
				CLANG_WARN_SUSPICIOUS_MOVES = YES;
				CLANG_WARN_UNREACHABLE_CODE = YES;
				CLANG_WARN__DUPLICATE_METHOD_MATCH = YES;
				"CODE_SIGN_IDENTITY[sdk=iphoneos*]" = "iPhone Developer";
				COPY_PHASE_STRIP = NO;
				DEBUG_INFORMATION_FORMAT = dwarf;
				ENABLE_STRICT_OBJC_MSGSEND = YES;
				ENABLE_TESTABILITY = YES;
				GCC_C_LANGUAGE_STANDARD = gnu99;
				GCC_DYNAMIC_NO_PIC = NO;
				GCC_NO_COMMON_BLOCKS = YES;
				GCC_OPTIMIZATION_LEVEL = 0;
				GCC_PREPROCESSOR_DEFINITIONS = (
					"DEBUG=1",
					"$(inherited)",
				);
				GCC_WARN_64_TO_32_BIT_CONVERSION = YES;
				GCC_WARN_ABOUT_RETURN_TYPE = YES_ERROR;
				GCC_WARN_UNDECLARED_SELECTOR = YES;
				GCC_WARN_UNINITIALIZED_AUTOS = YES_AGGRESSIVE;
				GCC_WARN_UNUSED_FUNCTION = YES;
				GCC_WARN_UNUSED_VARIABLE = YES;
				IPHONEOS_DEPLOYMENT_TARGET = 8.0;
				MTL_ENABLE_DEBUG_INFO = YES;
				ONLY_ACTIVE_ARCH = YES;
				SDKROOT = iphoneos;
				TARGETED_DEVICE_FAMILY = "1,2";
			};
			name = Debug;
		};
		A9F9A02C1E08B06D00E22FE7 /* Release */ = {
			isa = XCBuildConfiguration;
			buildSettings = {
				ALWAYS_SEARCH_USER_PATHS = NO;
				CLANG_ANALYZER_NONNULL = YES;
				CLANG_CXX_LANGUAGE_STANDARD = "gnu++0x";
				CLANG_CXX_LIBRARY = "libc++";
				CLANG_ENABLE_MODULES = YES;
				CLANG_ENABLE_OBJC_ARC = YES;
				CLANG_WARN_BOOL_CONVERSION = YES;
				CLANG_WARN_CONSTANT_CONVERSION = YES;
				CLANG_WARN_DIRECT_OBJC_ISA_USAGE = YES_ERROR;
				CLANG_WARN_DOCUMENTATION_COMMENTS = YES;
				CLANG_WARN_EMPTY_BODY = YES;
				CLANG_WARN_ENUM_CONVERSION = YES;
				CLANG_WARN_INFINITE_RECURSION = YES;
				CLANG_WARN_INT_CONVERSION = YES;
				CLANG_WARN_OBJC_ROOT_CLASS = YES_ERROR;
				CLANG_WARN_SUSPICIOUS_MOVE = YES;
				CLANG_WARN_SUSPICIOUS_MOVES = YES;
				CLANG_WARN_UNREACHABLE_CODE = YES;
				CLANG_WARN__DUPLICATE_METHOD_MATCH = YES;
				"CODE_SIGN_IDENTITY[sdk=iphoneos*]" = "iPhone Developer";
				COPY_PHASE_STRIP = NO;
				DEBUG_INFORMATION_FORMAT = "dwarf-with-dsym";
				ENABLE_NS_ASSERTIONS = NO;
				ENABLE_STRICT_OBJC_MSGSEND = YES;
				GCC_C_LANGUAGE_STANDARD = gnu99;
				GCC_NO_COMMON_BLOCKS = YES;
				GCC_WARN_64_TO_32_BIT_CONVERSION = YES;
				GCC_WARN_ABOUT_RETURN_TYPE = YES_ERROR;
				GCC_WARN_UNDECLARED_SELECTOR = YES;
				GCC_WARN_UNINITIALIZED_AUTOS = YES_AGGRESSIVE;
				GCC_WARN_UNUSED_FUNCTION = YES;
				GCC_WARN_UNUSED_VARIABLE = YES;
				IPHONEOS_DEPLOYMENT_TARGET = 8.0;
				MTL_ENABLE_DEBUG_INFO = NO;
				SDKROOT = iphoneos;
				TARGETED_DEVICE_FAMILY = "1,2";
				VALIDATE_PRODUCT = YES;
			};
			name = Release;
		};
		A9F9A02E1E08B06D00E22FE7 /* Debug */ = {
			isa = XCBuildConfiguration;
			baseConfigurationReference = 9AE364F48765B353E3F4DFB7 /* Pods-iOSExample.debug.xcconfig */;
			buildSettings = {
				ASSETCATALOG_COMPILER_APPICON_NAME = AppIcon;
				DEVELOPMENT_TEAM = 9V4T4T8D8H;
				GCC_PRECOMPILE_PREFIX_HEADER = YES;
				GCC_PREFIX_HEADER = "${SRCROOT}/iOSExample/PrefixHeader.pch";
				HEADER_SEARCH_PATHS = "$(inherited)";
				INFOPLIST_FILE = iOSExample/Info.plist;
				LD_RUNPATH_SEARCH_PATHS = "$(inherited) @executable_path/Frameworks";
				LIBRARY_SEARCH_PATHS = "$(inherited)";
				OTHER_LDFLAGS = "$(inherited)";
				PRODUCT_BUNDLE_IDENTIFIER = com.maintoco.iOSExample;
				PRODUCT_NAME = "$(TARGET_NAME)";
			};
			name = Debug;
		};
		A9F9A02F1E08B06D00E22FE7 /* Release */ = {
			isa = XCBuildConfiguration;
			baseConfigurationReference = D8FFD1EE7AB802D9291C2CA2 /* Pods-iOSExample.release.xcconfig */;
			buildSettings = {
				ASSETCATALOG_COMPILER_APPICON_NAME = AppIcon;
				DEVELOPMENT_TEAM = 9V4T4T8D8H;
				GCC_PRECOMPILE_PREFIX_HEADER = YES;
				GCC_PREFIX_HEADER = "${SRCROOT}/iOSExample/PrefixHeader.pch";
				HEADER_SEARCH_PATHS = "$(inherited)";
				INFOPLIST_FILE = iOSExample/Info.plist;
				LD_RUNPATH_SEARCH_PATHS = "$(inherited) @executable_path/Frameworks";
				LIBRARY_SEARCH_PATHS = "$(inherited)";
				OTHER_LDFLAGS = "$(inherited)";
				PRODUCT_BUNDLE_IDENTIFIER = com.maintoco.iOSExample;
				PRODUCT_NAME = "$(TARGET_NAME)";
			};
			name = Release;
		};
		A9F9A0311E08B06D00E22FE7 /* Debug */ = {
			isa = XCBuildConfiguration;
			buildSettings = {
				BUNDLE_LOADER = "$(TEST_HOST)";
				INFOPLIST_FILE = iOSExampleTests/Info.plist;
				LD_RUNPATH_SEARCH_PATHS = "$(inherited) @executable_path/Frameworks @loader_path/Frameworks";
				PRODUCT_BUNDLE_IDENTIFIER = com.maintoco.iOSExampleTests;
				PRODUCT_NAME = "$(TARGET_NAME)";
				TEST_HOST = "$(BUILT_PRODUCTS_DIR)/iOSExample.app/iOSExample";
			};
			name = Debug;
		};
		A9F9A0321E08B06D00E22FE7 /* Release */ = {
			isa = XCBuildConfiguration;
			buildSettings = {
				BUNDLE_LOADER = "$(TEST_HOST)";
				INFOPLIST_FILE = iOSExampleTests/Info.plist;
				LD_RUNPATH_SEARCH_PATHS = "$(inherited) @executable_path/Frameworks @loader_path/Frameworks";
				PRODUCT_BUNDLE_IDENTIFIER = com.maintoco.iOSExampleTests;
				PRODUCT_NAME = "$(TARGET_NAME)";
				TEST_HOST = "$(BUILT_PRODUCTS_DIR)/iOSExample.app/iOSExample";
			};
			name = Release;
		};
/* End XCBuildConfiguration section */

/* Begin XCConfigurationList section */
		A9F9A0061E08B06C00E22FE7 /* Build configuration list for PBXProject "iOSExample" */ = {
			isa = XCConfigurationList;
			buildConfigurations = (
				A9F9A02B1E08B06D00E22FE7 /* Debug */,
				A9F9A02C1E08B06D00E22FE7 /* Release */,
			);
			defaultConfigurationIsVisible = 0;
			defaultConfigurationName = Release;
		};
		A9F9A02D1E08B06D00E22FE7 /* Build configuration list for PBXNativeTarget "iOSExample" */ = {
			isa = XCConfigurationList;
			buildConfigurations = (
				A9F9A02E1E08B06D00E22FE7 /* Debug */,
				A9F9A02F1E08B06D00E22FE7 /* Release */,
			);
			defaultConfigurationIsVisible = 0;
			defaultConfigurationName = Release;
		};
		A9F9A0301E08B06D00E22FE7 /* Build configuration list for PBXNativeTarget "iOSExampleTests" */ = {
			isa = XCConfigurationList;
			buildConfigurations = (
				A9F9A0311E08B06D00E22FE7 /* Debug */,
				A9F9A0321E08B06D00E22FE7 /* Release */,
			);
			defaultConfigurationIsVisible = 0;
			defaultConfigurationName = Release;
		};
/* End XCConfigurationList section */
	};
	rootObject = A9F9A0031E08B06C00E22FE7 /* Project object */;
}
